// !$*UTF8*$!
{
	archiveVersion = 1;
	classes = {
	};
	objectVersion = 50;
	objects = {

/* Begin PBXBuildFile section */
		34FE46260D153EA89122AC6A /* Pods_mSaving.framework in Frameworks */ = {isa = PBXBuildFile; fileRef = E2F60CB0FEB4CC786F0B4059 /* Pods_mSaving.framework */; };
		DE21B90222578D9800B65719 /* PieChartCVCell.swift in Sources */ = {isa = PBXBuildFile; fileRef = DE21B90022578D9800B65719 /* PieChartCVCell.swift */; };
		DE21B90322578D9800B65719 /* PieChartCVCell.xib in Resources */ = {isa = PBXBuildFile; fileRef = DE21B90122578D9800B65719 /* PieChartCVCell.xib */; };
		DE21B906225794C900B65719 /* BarChartCVCell.swift in Sources */ = {isa = PBXBuildFile; fileRef = DE21B904225794C900B65719 /* BarChartCVCell.swift */; };
		DE21B907225794C900B65719 /* BarChartCVCell.xib in Resources */ = {isa = PBXBuildFile; fileRef = DE21B905225794C900B65719 /* BarChartCVCell.xib */; };
		DE2BB358225360C2001D55E4 /* TopView.swift in Sources */ = {isa = PBXBuildFile; fileRef = DE2BB357225360C2001D55E4 /* TopView.swift */; };
		DE2BB35C22539662001D55E4 /* SavingCVCell.swift in Sources */ = {isa = PBXBuildFile; fileRef = DE2BB35A22539662001D55E4 /* SavingCVCell.swift */; };
		DE2BB35D22539662001D55E4 /* SavingCVCell.xib in Resources */ = {isa = PBXBuildFile; fileRef = DE2BB35B22539662001D55E4 /* SavingCVCell.xib */; };
		DE2BB35F225398DA001D55E4 /* SavingGoalView.xib in Resources */ = {isa = PBXBuildFile; fileRef = DE2BB35E225398DA001D55E4 /* SavingGoalView.xib */; };
		DE2BB36122539A16001D55E4 /* SavingGoalView.swift in Sources */ = {isa = PBXBuildFile; fileRef = DE2BB36022539A16001D55E4 /* SavingGoalView.swift */; };
		DE2BB36322539B95001D55E4 /* UICollectionView - extension.swift in Sources */ = {isa = PBXBuildFile; fileRef = DE2BB36222539B95001D55E4 /* UICollectionView - extension.swift */; };
		DE2BB3662253AC1D001D55E4 /* MonthCVCell.swift in Sources */ = {isa = PBXBuildFile; fileRef = DE2BB3642253AC1D001D55E4 /* MonthCVCell.swift */; };
		DE2BB3672253AC1D001D55E4 /* MonthCVCell.xib in Resources */ = {isa = PBXBuildFile; fileRef = DE2BB3652253AC1D001D55E4 /* MonthCVCell.xib */; };
		DE2BB3692253AE16001D55E4 /* Int - extension.swift in Sources */ = {isa = PBXBuildFile; fileRef = DE2BB3682253AE16001D55E4 /* Int - extension.swift */; };
		DE4984B522586A0F004E4AE9 /* CategoryAccountsDetailVC.swift in Sources */ = {isa = PBXBuildFile; fileRef = DE4984B422586A0F004E4AE9 /* CategoryAccountsDetailVC.swift */; };
		DE4984B8225878A8004E4AE9 /* CategoryAccountsTotalCVCell.swift in Sources */ = {isa = PBXBuildFile; fileRef = DE4984B6225878A8004E4AE9 /* CategoryAccountsTotalCVCell.swift */; };
		DE4984B9225878A8004E4AE9 /* CategoryAccountsTotalCVCell.xib in Resources */ = {isa = PBXBuildFile; fileRef = DE4984B7225878A8004E4AE9 /* CategoryAccountsTotalCVCell.xib */; };
		DE7B38AA2257329300C17846 /* IncomeExpenseCVCell.swift in Sources */ = {isa = PBXBuildFile; fileRef = DE7B38A82257329300C17846 /* IncomeExpenseCVCell.swift */; };
		DE7B38AB2257329300C17846 /* IncomeExpenseCVCell.xib in Resources */ = {isa = PBXBuildFile; fileRef = DE7B38A92257329300C17846 /* IncomeExpenseCVCell.xib */; };
		DE7B38AE2257427200C17846 /* CategoryCVCell.swift in Sources */ = {isa = PBXBuildFile; fileRef = DE7B38AC2257427200C17846 /* CategoryCVCell.swift */; };
		DE7B38AF2257427200C17846 /* CategoryCVCell.xib in Resources */ = {isa = PBXBuildFile; fileRef = DE7B38AD2257427200C17846 /* CategoryCVCell.xib */; };
		DE99AC8A22563D1400B12AD6 /* SavingDetailAddVC.swift in Sources */ = {isa = PBXBuildFile; fileRef = DE99AC8922563D1400B12AD6 /* SavingDetailAddVC.swift */; };
		DEACE3DC2257AD1900EA209C /* AnalysisCVCell.swift in Sources */ = {isa = PBXBuildFile; fileRef = DEACE3DA2257AD1900EA209C /* AnalysisCVCell.swift */; };
		DEACE3DD2257AD1900EA209C /* AnalysisCVCell.xib in Resources */ = {isa = PBXBuildFile; fileRef = DEACE3DB2257AD1900EA209C /* AnalysisCVCell.xib */; };
		DEACE3E02257B9F500EA209C /* AccountsCVCell.swift in Sources */ = {isa = PBXBuildFile; fileRef = DEACE3DE2257B9F500EA209C /* AccountsCVCell.swift */; };
		DEACE3E12257B9F500EA209C /* AccountsCVCell.xib in Resources */ = {isa = PBXBuildFile; fileRef = DEACE3DF2257B9F500EA209C /* AccountsCVCell.xib */; };
		DEBE8C1B2254836800C2A8A3 /* UIColor - extension.swift in Sources */ = {isa = PBXBuildFile; fileRef = DEBE8C1A2254836800C2A8A3 /* UIColor - extension.swift */; };
		DEBE8C252254AE5200C2A8A3 /* UITableView - extension.swift in Sources */ = {isa = PBXBuildFile; fileRef = DEBE8C242254AE5200C2A8A3 /* UITableView - extension.swift */; };
		DEBE8C28225519F800C2A8A3 /* AccountCVCell.swift in Sources */ = {isa = PBXBuildFile; fileRef = DEBE8C26225519F800C2A8A3 /* AccountCVCell.swift */; };
		DEBE8C29225519F800C2A8A3 /* AccountCVCell.xib in Resources */ = {isa = PBXBuildFile; fileRef = DEBE8C27225519F800C2A8A3 /* AccountCVCell.xib */; };
		DEBE8C2C2255AED800C2A8A3 /* AccountDateCVCell.swift in Sources */ = {isa = PBXBuildFile; fileRef = DEBE8C2A2255AED800C2A8A3 /* AccountDateCVCell.swift */; };
		DEBE8C2D2255AED800C2A8A3 /* AccountDateCVCell.xib in Resources */ = {isa = PBXBuildFile; fileRef = DEBE8C2B2255AED800C2A8A3 /* AccountDateCVCell.xib */; };
		DEEAA9CC2255F4A5005FCE8E /* SavingDetailCVCell.swift in Sources */ = {isa = PBXBuildFile; fileRef = DEEAA9CA2255F4A5005FCE8E /* SavingDetailCVCell.swift */; };
		DEEAA9CD2255F4A5005FCE8E /* SavingDetailCVCell.xib in Resources */ = {isa = PBXBuildFile; fileRef = DEEAA9CB2255F4A5005FCE8E /* SavingDetailCVCell.xib */; };
		DEECB02622533430002D6C30 /* AppDelegate.swift in Sources */ = {isa = PBXBuildFile; fileRef = DEECB02522533430002D6C30 /* AppDelegate.swift */; };
		DEECB02E22533430002D6C30 /* mSaving.xcdatamodeld in Sources */ = {isa = PBXBuildFile; fileRef = DEECB02C22533430002D6C30 /* mSaving.xcdatamodeld */; };
		DEECB03022533432002D6C30 /* Assets.xcassets in Resources */ = {isa = PBXBuildFile; fileRef = DEECB02F22533432002D6C30 /* Assets.xcassets */; };
		DEECB0472253358B002D6C30 /* Accounting.storyboard in Resources */ = {isa = PBXBuildFile; fileRef = DEECB03E2253358B002D6C30 /* Accounting.storyboard */; };
		DEECB0482253358B002D6C30 /* Setting.storyboard in Resources */ = {isa = PBXBuildFile; fileRef = DEECB03F2253358B002D6C30 /* Setting.storyboard */; };
		DEECB0492253358B002D6C30 /* Invoice.storyboard in Resources */ = {isa = PBXBuildFile; fileRef = DEECB0402253358B002D6C30 /* Invoice.storyboard */; };
		DEECB04A2253358B002D6C30 /* LaunchScreen.storyboard in Resources */ = {isa = PBXBuildFile; fileRef = DEECB0412253358B002D6C30 /* LaunchScreen.storyboard */; };
		DEECB04B2253358B002D6C30 /* Main.storyboard in Resources */ = {isa = PBXBuildFile; fileRef = DEECB0432253358B002D6C30 /* Main.storyboard */; };
		DEECB04C2253358B002D6C30 /* Chart.storyboard in Resources */ = {isa = PBXBuildFile; fileRef = DEECB0452253358B002D6C30 /* Chart.storyboard */; };
		DEECB04D2253358B002D6C30 /* Saving.storyboard in Resources */ = {isa = PBXBuildFile; fileRef = DEECB0462253358B002D6C30 /* Saving.storyboard */; };
		DEECB05622533599002D6C30 /* ChartVC.swift in Sources */ = {isa = PBXBuildFile; fileRef = DEECB04F22533599002D6C30 /* ChartVC.swift */; };
		DEECB05722533599002D6C30 /* SavingGoalSetVC.swift in Sources */ = {isa = PBXBuildFile; fileRef = DEECB05022533599002D6C30 /* SavingGoalSetVC.swift */; };
		DEECB05822533599002D6C30 /* SettingVC.swift in Sources */ = {isa = PBXBuildFile; fileRef = DEECB05122533599002D6C30 /* SettingVC.swift */; };
		DEECB05922533599002D6C30 /* SavingDetailVC.swift in Sources */ = {isa = PBXBuildFile; fileRef = DEECB05222533599002D6C30 /* SavingDetailVC.swift */; };
		DEECB05A22533599002D6C30 /* SavingVC.swift in Sources */ = {isa = PBXBuildFile; fileRef = DEECB05322533599002D6C30 /* SavingVC.swift */; };
		DEECB05B22533599002D6C30 /* AccountingVC.swift in Sources */ = {isa = PBXBuildFile; fileRef = DEECB05422533599002D6C30 /* AccountingVC.swift */; };
		DEECB05C22533599002D6C30 /* TabBarController.swift in Sources */ = {isa = PBXBuildFile; fileRef = DEECB05522533599002D6C30 /* TabBarController.swift */; };
		DEECB063225335FA002D6C30 /* UIView - extension.swift in Sources */ = {isa = PBXBuildFile; fileRef = DEECB060225335FA002D6C30 /* UIView - extension.swift */; };
		DEECB064225335FA002D6C30 /* UIImage - extension.swift in Sources */ = {isa = PBXBuildFile; fileRef = DEECB061225335FA002D6C30 /* UIImage - extension.swift */; };
		DEECB065225335FA002D6C30 /* UIStoryboard - extension.swift in Sources */ = {isa = PBXBuildFile; fileRef = DEECB062225335FA002D6C30 /* UIStoryboard - extension.swift */; };
/* End PBXBuildFile section */

/* Begin PBXFileReference section */
		2269CA763E2B12B921C758F2 /* Pods-mSaving.debug.xcconfig */ = {isa = PBXFileReference; includeInIndex = 1; lastKnownFileType = text.xcconfig; name = "Pods-mSaving.debug.xcconfig"; path = "Target Support Files/Pods-mSaving/Pods-mSaving.debug.xcconfig"; sourceTree = "<group>"; };
		2C6C6317FBC34568D8610458 /* Pods-mSaving.release.xcconfig */ = {isa = PBXFileReference; includeInIndex = 1; lastKnownFileType = text.xcconfig; name = "Pods-mSaving.release.xcconfig"; path = "Target Support Files/Pods-mSaving/Pods-mSaving.release.xcconfig"; sourceTree = "<group>"; };
		DE21B90022578D9800B65719 /* PieChartCVCell.swift */ = {isa = PBXFileReference; lastKnownFileType = sourcecode.swift; path = PieChartCVCell.swift; sourceTree = "<group>"; };
		DE21B90122578D9800B65719 /* PieChartCVCell.xib */ = {isa = PBXFileReference; lastKnownFileType = file.xib; path = PieChartCVCell.xib; sourceTree = "<group>"; };
		DE21B904225794C900B65719 /* BarChartCVCell.swift */ = {isa = PBXFileReference; lastKnownFileType = sourcecode.swift; path = BarChartCVCell.swift; sourceTree = "<group>"; };
		DE21B905225794C900B65719 /* BarChartCVCell.xib */ = {isa = PBXFileReference; lastKnownFileType = file.xib; path = BarChartCVCell.xib; sourceTree = "<group>"; };
		DE2BB357225360C2001D55E4 /* TopView.swift */ = {isa = PBXFileReference; lastKnownFileType = sourcecode.swift; path = TopView.swift; sourceTree = "<group>"; };
		DE2BB35A22539662001D55E4 /* SavingCVCell.swift */ = {isa = PBXFileReference; lastKnownFileType = sourcecode.swift; path = SavingCVCell.swift; sourceTree = "<group>"; };
		DE2BB35B22539662001D55E4 /* SavingCVCell.xib */ = {isa = PBXFileReference; lastKnownFileType = file.xib; path = SavingCVCell.xib; sourceTree = "<group>"; };
		DE2BB35E225398DA001D55E4 /* SavingGoalView.xib */ = {isa = PBXFileReference; lastKnownFileType = file.xib; path = SavingGoalView.xib; sourceTree = "<group>"; };
		DE2BB36022539A16001D55E4 /* SavingGoalView.swift */ = {isa = PBXFileReference; lastKnownFileType = sourcecode.swift; path = SavingGoalView.swift; sourceTree = "<group>"; };
		DE2BB36222539B95001D55E4 /* UICollectionView - extension.swift */ = {isa = PBXFileReference; lastKnownFileType = sourcecode.swift; path = "UICollectionView - extension.swift"; sourceTree = "<group>"; };
		DE2BB3642253AC1D001D55E4 /* MonthCVCell.swift */ = {isa = PBXFileReference; lastKnownFileType = sourcecode.swift; path = MonthCVCell.swift; sourceTree = "<group>"; };
		DE2BB3652253AC1D001D55E4 /* MonthCVCell.xib */ = {isa = PBXFileReference; lastKnownFileType = file.xib; path = MonthCVCell.xib; sourceTree = "<group>"; };
		DE2BB3682253AE16001D55E4 /* Int - extension.swift */ = {isa = PBXFileReference; lastKnownFileType = sourcecode.swift; path = "Int - extension.swift"; sourceTree = "<group>"; };
		DE4984B422586A0F004E4AE9 /* CategoryAccountsDetailVC.swift */ = {isa = PBXFileReference; lastKnownFileType = sourcecode.swift; path = CategoryAccountsDetailVC.swift; sourceTree = "<group>"; };
		DE4984B6225878A8004E4AE9 /* CategoryAccountsTotalCVCell.swift */ = {isa = PBXFileReference; lastKnownFileType = sourcecode.swift; path = CategoryAccountsTotalCVCell.swift; sourceTree = "<group>"; };
		DE4984B7225878A8004E4AE9 /* CategoryAccountsTotalCVCell.xib */ = {isa = PBXFileReference; lastKnownFileType = file.xib; path = CategoryAccountsTotalCVCell.xib; sourceTree = "<group>"; };
		DE7B38A82257329300C17846 /* IncomeExpenseCVCell.swift */ = {isa = PBXFileReference; lastKnownFileType = sourcecode.swift; path = IncomeExpenseCVCell.swift; sourceTree = "<group>"; };
		DE7B38A92257329300C17846 /* IncomeExpenseCVCell.xib */ = {isa = PBXFileReference; lastKnownFileType = file.xib; path = IncomeExpenseCVCell.xib; sourceTree = "<group>"; };
		DE7B38AC2257427200C17846 /* CategoryCVCell.swift */ = {isa = PBXFileReference; lastKnownFileType = sourcecode.swift; path = CategoryCVCell.swift; sourceTree = "<group>"; };
		DE7B38AD2257427200C17846 /* CategoryCVCell.xib */ = {isa = PBXFileReference; lastKnownFileType = file.xib; path = CategoryCVCell.xib; sourceTree = "<group>"; };
		DE99AC8922563D1400B12AD6 /* SavingDetailAddVC.swift */ = {isa = PBXFileReference; lastKnownFileType = sourcecode.swift; path = SavingDetailAddVC.swift; sourceTree = "<group>"; };
		DEACE3DA2257AD1900EA209C /* AnalysisCVCell.swift */ = {isa = PBXFileReference; lastKnownFileType = sourcecode.swift; path = AnalysisCVCell.swift; sourceTree = "<group>"; };
		DEACE3DB2257AD1900EA209C /* AnalysisCVCell.xib */ = {isa = PBXFileReference; lastKnownFileType = file.xib; path = AnalysisCVCell.xib; sourceTree = "<group>"; };
		DEACE3DE2257B9F500EA209C /* AccountsCVCell.swift */ = {isa = PBXFileReference; lastKnownFileType = sourcecode.swift; path = AccountsCVCell.swift; sourceTree = "<group>"; };
		DEACE3DF2257B9F500EA209C /* AccountsCVCell.xib */ = {isa = PBXFileReference; lastKnownFileType = file.xib; path = AccountsCVCell.xib; sourceTree = "<group>"; };
		DEBE8C1A2254836800C2A8A3 /* UIColor - extension.swift */ = {isa = PBXFileReference; lastKnownFileType = sourcecode.swift; path = "UIColor - extension.swift"; sourceTree = "<group>"; };
		DEBE8C242254AE5200C2A8A3 /* UITableView - extension.swift */ = {isa = PBXFileReference; lastKnownFileType = sourcecode.swift; path = "UITableView - extension.swift"; sourceTree = "<group>"; };
		DEBE8C26225519F800C2A8A3 /* AccountCVCell.swift */ = {isa = PBXFileReference; lastKnownFileType = sourcecode.swift; path = AccountCVCell.swift; sourceTree = "<group>"; };
		DEBE8C27225519F800C2A8A3 /* AccountCVCell.xib */ = {isa = PBXFileReference; lastKnownFileType = file.xib; path = AccountCVCell.xib; sourceTree = "<group>"; };
		DEBE8C2A2255AED800C2A8A3 /* AccountDateCVCell.swift */ = {isa = PBXFileReference; lastKnownFileType = sourcecode.swift; path = AccountDateCVCell.swift; sourceTree = "<group>"; };
		DEBE8C2B2255AED800C2A8A3 /* AccountDateCVCell.xib */ = {isa = PBXFileReference; lastKnownFileType = file.xib; path = AccountDateCVCell.xib; sourceTree = "<group>"; };
		DEEAA9CA2255F4A5005FCE8E /* SavingDetailCVCell.swift */ = {isa = PBXFileReference; lastKnownFileType = sourcecode.swift; path = SavingDetailCVCell.swift; sourceTree = "<group>"; };
		DEEAA9CB2255F4A5005FCE8E /* SavingDetailCVCell.xib */ = {isa = PBXFileReference; lastKnownFileType = file.xib; path = SavingDetailCVCell.xib; sourceTree = "<group>"; };
		DEECB02222533430002D6C30 /* mSaving.app */ = {isa = PBXFileReference; explicitFileType = wrapper.application; includeInIndex = 0; path = mSaving.app; sourceTree = BUILT_PRODUCTS_DIR; };
		DEECB02522533430002D6C30 /* AppDelegate.swift */ = {isa = PBXFileReference; lastKnownFileType = sourcecode.swift; path = AppDelegate.swift; sourceTree = "<group>"; };
		DEECB02D22533430002D6C30 /* mSaving.xcdatamodel */ = {isa = PBXFileReference; lastKnownFileType = wrapper.xcdatamodel; path = mSaving.xcdatamodel; sourceTree = "<group>"; };
		DEECB02F22533432002D6C30 /* Assets.xcassets */ = {isa = PBXFileReference; lastKnownFileType = folder.assetcatalog; path = Assets.xcassets; sourceTree = "<group>"; };
		DEECB03422533432002D6C30 /* Info.plist */ = {isa = PBXFileReference; lastKnownFileType = text.plist.xml; path = Info.plist; sourceTree = "<group>"; };
		DEECB03E2253358B002D6C30 /* Accounting.storyboard */ = {isa = PBXFileReference; fileEncoding = 4; lastKnownFileType = file.storyboard; path = Accounting.storyboard; sourceTree = "<group>"; };
		DEECB03F2253358B002D6C30 /* Setting.storyboard */ = {isa = PBXFileReference; fileEncoding = 4; lastKnownFileType = file.storyboard; path = Setting.storyboard; sourceTree = "<group>"; };
		DEECB0402253358B002D6C30 /* Invoice.storyboard */ = {isa = PBXFileReference; fileEncoding = 4; lastKnownFileType = file.storyboard; path = Invoice.storyboard; sourceTree = "<group>"; };
		DEECB0422253358B002D6C30 /* Base */ = {isa = PBXFileReference; lastKnownFileType = file.storyboard; name = Base; path = Base.lproj/LaunchScreen.storyboard; sourceTree = "<group>"; };
		DEECB0442253358B002D6C30 /* Base */ = {isa = PBXFileReference; lastKnownFileType = file.storyboard; name = Base; path = Base.lproj/Main.storyboard; sourceTree = "<group>"; };
		DEECB0452253358B002D6C30 /* Chart.storyboard */ = {isa = PBXFileReference; fileEncoding = 4; lastKnownFileType = file.storyboard; path = Chart.storyboard; sourceTree = "<group>"; };
		DEECB0462253358B002D6C30 /* Saving.storyboard */ = {isa = PBXFileReference; fileEncoding = 4; lastKnownFileType = file.storyboard; path = Saving.storyboard; sourceTree = "<group>"; };
		DEECB04F22533599002D6C30 /* ChartVC.swift */ = {isa = PBXFileReference; fileEncoding = 4; lastKnownFileType = sourcecode.swift; path = ChartVC.swift; sourceTree = "<group>"; };
		DEECB05022533599002D6C30 /* SavingGoalSetVC.swift */ = {isa = PBXFileReference; fileEncoding = 4; lastKnownFileType = sourcecode.swift; path = SavingGoalSetVC.swift; sourceTree = "<group>"; };
		DEECB05122533599002D6C30 /* SettingVC.swift */ = {isa = PBXFileReference; fileEncoding = 4; lastKnownFileType = sourcecode.swift; path = SettingVC.swift; sourceTree = "<group>"; };
		DEECB05222533599002D6C30 /* SavingDetailVC.swift */ = {isa = PBXFileReference; fileEncoding = 4; lastKnownFileType = sourcecode.swift; path = SavingDetailVC.swift; sourceTree = "<group>"; };
		DEECB05322533599002D6C30 /* SavingVC.swift */ = {isa = PBXFileReference; fileEncoding = 4; lastKnownFileType = sourcecode.swift; path = SavingVC.swift; sourceTree = "<group>"; };
		DEECB05422533599002D6C30 /* AccountingVC.swift */ = {isa = PBXFileReference; fileEncoding = 4; lastKnownFileType = sourcecode.swift; path = AccountingVC.swift; sourceTree = "<group>"; };
		DEECB05522533599002D6C30 /* TabBarController.swift */ = {isa = PBXFileReference; fileEncoding = 4; lastKnownFileType = sourcecode.swift; path = TabBarController.swift; sourceTree = "<group>"; };
		DEECB060225335FA002D6C30 /* UIView - extension.swift */ = {isa = PBXFileReference; fileEncoding = 4; lastKnownFileType = sourcecode.swift; path = "UIView - extension.swift"; sourceTree = "<group>"; };
		DEECB061225335FA002D6C30 /* UIImage - extension.swift */ = {isa = PBXFileReference; fileEncoding = 4; lastKnownFileType = sourcecode.swift; path = "UIImage - extension.swift"; sourceTree = "<group>"; };
		DEECB062225335FA002D6C30 /* UIStoryboard - extension.swift */ = {isa = PBXFileReference; fileEncoding = 4; lastKnownFileType = sourcecode.swift; path = "UIStoryboard - extension.swift"; sourceTree = "<group>"; };
		E2F60CB0FEB4CC786F0B4059 /* Pods_mSaving.framework */ = {isa = PBXFileReference; explicitFileType = wrapper.framework; includeInIndex = 0; path = Pods_mSaving.framework; sourceTree = BUILT_PRODUCTS_DIR; };
/* End PBXFileReference section */

/* Begin PBXFrameworksBuildPhase section */
		DEECB01F22533430002D6C30 /* Frameworks */ = {
			isa = PBXFrameworksBuildPhase;
			buildActionMask = 2147483647;
			files = (
				34FE46260D153EA89122AC6A /* Pods_mSaving.framework in Frameworks */,
			);
			runOnlyForDeploymentPostprocessing = 0;
		};
/* End PBXFrameworksBuildPhase section */

/* Begin PBXGroup section */
		600F4854E9FFB3F5EA3A02F1 /* Pods */ = {
			isa = PBXGroup;
			children = (
				2269CA763E2B12B921C758F2 /* Pods-mSaving.debug.xcconfig */,
				2C6C6317FBC34568D8610458 /* Pods-mSaving.release.xcconfig */,
			);
			path = Pods;
			sourceTree = "<group>";
		};
		BBD75296C698B591F95558B3 /* Frameworks */ = {
			isa = PBXGroup;
			children = (
				E2F60CB0FEB4CC786F0B4059 /* Pods_mSaving.framework */,
			);
			name = Frameworks;
			sourceTree = "<group>";
		};
		DE21B8FF22578D1E00B65719 /* Chart */ = {
			isa = PBXGroup;
			children = (
				DEACE3DA2257AD1900EA209C /* AnalysisCVCell.swift */,
				DEACE3DB2257AD1900EA209C /* AnalysisCVCell.xib */,
				DE21B90022578D9800B65719 /* PieChartCVCell.swift */,
				DE21B90122578D9800B65719 /* PieChartCVCell.xib */,
				DE21B904225794C900B65719 /* BarChartCVCell.swift */,
				DE21B905225794C900B65719 /* BarChartCVCell.xib */,
				DE4984B6225878A8004E4AE9 /* CategoryAccountsTotalCVCell.swift */,
				DE4984B7225878A8004E4AE9 /* CategoryAccountsTotalCVCell.xib */,
			);
			path = Chart;
			sourceTree = "<group>";
		};
		DE2BB3552253605D001D55E4 /* Saving */ = {
			isa = PBXGroup;
			children = (
				DE2BB35A22539662001D55E4 /* SavingCVCell.swift */,
				DE2BB35B22539662001D55E4 /* SavingCVCell.xib */,
				DE2BB36022539A16001D55E4 /* SavingGoalView.swift */,
				DE2BB35E225398DA001D55E4 /* SavingGoalView.xib */,
				DEACE3DE2257B9F500EA209C /* AccountsCVCell.swift */,
				DEACE3DF2257B9F500EA209C /* AccountsCVCell.xib */,
				DEBE8C26225519F800C2A8A3 /* AccountCVCell.swift */,
				DEBE8C27225519F800C2A8A3 /* AccountCVCell.xib */,
				DEBE8C2A2255AED800C2A8A3 /* AccountDateCVCell.swift */,
				DEBE8C2B2255AED800C2A8A3 /* AccountDateCVCell.xib */,
				DEEAA9CA2255F4A5005FCE8E /* SavingDetailCVCell.swift */,
				DEEAA9CB2255F4A5005FCE8E /* SavingDetailCVCell.xib */,
			);
			path = Saving;
			sourceTree = "<group>";
		};
		DE2BB35622536070001D55E4 /* Base */ = {
			isa = PBXGroup;
			children = (
				DE2BB357225360C2001D55E4 /* TopView.swift */,
				DE2BB3642253AC1D001D55E4 /* MonthCVCell.swift */,
				DE2BB3652253AC1D001D55E4 /* MonthCVCell.xib */,
			);
			path = Base;
			sourceTree = "<group>";
		};
		DE2BB35922538889001D55E4 /* Saving */ = {
			isa = PBXGroup;
			children = (
				DEECB05322533599002D6C30 /* SavingVC.swift */,
				DEECB05222533599002D6C30 /* SavingDetailVC.swift */,
				DEECB05022533599002D6C30 /* SavingGoalSetVC.swift */,
				DE99AC8922563D1400B12AD6 /* SavingDetailAddVC.swift */,
			);
			path = Saving;
			sourceTree = "<group>";
		};
		DE4984B3225869D6004E4AE9 /* Chart */ = {
			isa = PBXGroup;
			children = (
				DEECB04F22533599002D6C30 /* ChartVC.swift */,
				DE4984B422586A0F004E4AE9 /* CategoryAccountsDetailVC.swift */,
			);
			path = Chart;
			sourceTree = "<group>";
		};
		DE7B38A7225731C400C17846 /* Accounting */ = {
			isa = PBXGroup;
			children = (
				DE7B38A82257329300C17846 /* IncomeExpenseCVCell.swift */,
				DE7B38A92257329300C17846 /* IncomeExpenseCVCell.xib */,
				DE7B38AC2257427200C17846 /* CategoryCVCell.swift */,
				DE7B38AD2257427200C17846 /* CategoryCVCell.xib */,
			);
			path = Accounting;
			sourceTree = "<group>";
		};
		DEECB01922533430002D6C30 = {
			isa = PBXGroup;
			children = (
				DEECB02422533430002D6C30 /* mSaving */,
				DEECB02322533430002D6C30 /* Products */,
				600F4854E9FFB3F5EA3A02F1 /* Pods */,
				BBD75296C698B591F95558B3 /* Frameworks */,
			);
			sourceTree = "<group>";
		};
		DEECB02322533430002D6C30 /* Products */ = {
			isa = PBXGroup;
			children = (
				DEECB02222533430002D6C30 /* mSaving.app */,
			);
			name = Products;
			sourceTree = "<group>";
		};
		DEECB02422533430002D6C30 /* mSaving */ = {
			isa = PBXGroup;
			children = (
				DEECB02522533430002D6C30 /* AppDelegate.swift */,
				DEECB03422533432002D6C30 /* Info.plist */,
				DEECB05D225335AD002D6C30 /* Model */,
				DEECB03D2253358B002D6C30 /* View */,
				DEECB04E22533599002D6C30 /* Controller */,
				DEECB05F225335FA002D6C30 /* Extension */,
				DEECB0662253366F002D6C30 /* Resource */,
			);
			path = mSaving;
			sourceTree = "<group>";
		};
		DEECB03D2253358B002D6C30 /* View */ = {
			isa = PBXGroup;
			children = (
				DE2BB35622536070001D55E4 /* Base */,
				DE2BB3552253605D001D55E4 /* Saving */,
				DE7B38A7225731C400C17846 /* Accounting */,
				DE21B8FF22578D1E00B65719 /* Chart */,
				DEECB0412253358B002D6C30 /* LaunchScreen.storyboard */,
				DEECB0432253358B002D6C30 /* Main.storyboard */,
				DEECB0462253358B002D6C30 /* Saving.storyboard */,
				DEECB0452253358B002D6C30 /* Chart.storyboard */,
				DEECB03E2253358B002D6C30 /* Accounting.storyboard */,
				DEECB0402253358B002D6C30 /* Invoice.storyboard */,
				DEECB03F2253358B002D6C30 /* Setting.storyboard */,
			);
			path = View;
			sourceTree = "<group>";
		};
		DEECB04E22533599002D6C30 /* Controller */ = {
			isa = PBXGroup;
			children = (
				DEECB05522533599002D6C30 /* TabBarController.swift */,
				DE2BB35922538889001D55E4 /* Saving */,
				DE4984B3225869D6004E4AE9 /* Chart */,
				DEECB05422533599002D6C30 /* AccountingVC.swift */,
				DEECB05122533599002D6C30 /* SettingVC.swift */,
			);
			path = Controller;
			sourceTree = "<group>";
		};
		DEECB05D225335AD002D6C30 /* Model */ = {
			isa = PBXGroup;
			children = (
				DEECB02C22533430002D6C30 /* mSaving.xcdatamodeld */,
			);
			path = Model;
			sourceTree = "<group>";
		};
		DEECB05F225335FA002D6C30 /* Extension */ = {
			isa = PBXGroup;
			children = (
				DEECB062225335FA002D6C30 /* UIStoryboard - extension.swift */,
				DEECB060225335FA002D6C30 /* UIView - extension.swift */,
				DE2BB36222539B95001D55E4 /* UICollectionView - extension.swift */,
				DEBE8C242254AE5200C2A8A3 /* UITableView - extension.swift */,
				DEECB061225335FA002D6C30 /* UIImage - extension.swift */,
				DEBE8C1A2254836800C2A8A3 /* UIColor - extension.swift */,
				DE2BB3682253AE16001D55E4 /* Int - extension.swift */,
			);
			path = Extension;
			sourceTree = "<group>";
		};
		DEECB0662253366F002D6C30 /* Resource */ = {
			isa = PBXGroup;
			children = (
				DEECB02F22533432002D6C30 /* Assets.xcassets */,
			);
			path = Resource;
			sourceTree = "<group>";
		};
/* End PBXGroup section */

/* Begin PBXNativeTarget section */
		DEECB02122533430002D6C30 /* mSaving */ = {
			isa = PBXNativeTarget;
			buildConfigurationList = DEECB03722533432002D6C30 /* Build configuration list for PBXNativeTarget "mSaving" */;
			buildPhases = (
				B7B405D90613C72D0DB5D1C2 /* [CP] Check Pods Manifest.lock */,
				DEECB01E22533430002D6C30 /* Sources */,
				DEECB01F22533430002D6C30 /* Frameworks */,
				DEECB02022533430002D6C30 /* Resources */,
				1B4409F408563D0687E4EC7F /* [CP] Embed Pods Frameworks */,
			);
			buildRules = (
			);
			dependencies = (
			);
			name = mSaving;
			productName = mSaving;
			productReference = DEECB02222533430002D6C30 /* mSaving.app */;
			productType = "com.apple.product-type.application";
		};
/* End PBXNativeTarget section */

/* Begin PBXProject section */
		DEECB01A22533430002D6C30 /* Project object */ = {
			isa = PBXProject;
			attributes = {
				LastSwiftUpdateCheck = 1020;
				LastUpgradeCheck = 1020;
				ORGANIZATIONNAME = Terry;
				TargetAttributes = {
					DEECB02122533430002D6C30 = {
						CreatedOnToolsVersion = 10.2;
					};
				};
			};
			buildConfigurationList = DEECB01D22533430002D6C30 /* Build configuration list for PBXProject "mSaving" */;
			compatibilityVersion = "Xcode 9.3";
			developmentRegion = en;
			hasScannedForEncodings = 0;
			knownRegions = (
				en,
				Base,
			);
			mainGroup = DEECB01922533430002D6C30;
			productRefGroup = DEECB02322533430002D6C30 /* Products */;
			projectDirPath = "";
			projectRoot = "";
			targets = (
				DEECB02122533430002D6C30 /* mSaving */,
			);
		};
/* End PBXProject section */

/* Begin PBXResourcesBuildPhase section */
		DEECB02022533430002D6C30 /* Resources */ = {
			isa = PBXResourcesBuildPhase;
			buildActionMask = 2147483647;
			files = (
				DEACE3DD2257AD1900EA209C /* AnalysisCVCell.xib in Resources */,
				DEBE8C29225519F800C2A8A3 /* AccountCVCell.xib in Resources */,
				DEECB03022533432002D6C30 /* Assets.xcassets in Resources */,
				DE2BB35D22539662001D55E4 /* SavingCVCell.xib in Resources */,
				DEACE3E12257B9F500EA209C /* AccountsCVCell.xib in Resources */,
				DEECB0492253358B002D6C30 /* Invoice.storyboard in Resources */,
				DEECB04B2253358B002D6C30 /* Main.storyboard in Resources */,
				DEECB0482253358B002D6C30 /* Setting.storyboard in Resources */,
				DE4984B9225878A8004E4AE9 /* CategoryAccountsTotalCVCell.xib in Resources */,
				DEBE8C2D2255AED800C2A8A3 /* AccountDateCVCell.xib in Resources */,
				DEECB04A2253358B002D6C30 /* LaunchScreen.storyboard in Resources */,
				DEECB04D2253358B002D6C30 /* Saving.storyboard in Resources */,
				DEEAA9CD2255F4A5005FCE8E /* SavingDetailCVCell.xib in Resources */,
				DE7B38AF2257427200C17846 /* CategoryCVCell.xib in Resources */,
				DE2BB35F225398DA001D55E4 /* SavingGoalView.xib in Resources */,
				DE7B38AB2257329300C17846 /* IncomeExpenseCVCell.xib in Resources */,
				DE2BB3672253AC1D001D55E4 /* MonthCVCell.xib in Resources */,
				DEECB0472253358B002D6C30 /* Accounting.storyboard in Resources */,
				DE21B90322578D9800B65719 /* PieChartCVCell.xib in Resources */,
				DEECB04C2253358B002D6C30 /* Chart.storyboard in Resources */,
				DE21B907225794C900B65719 /* BarChartCVCell.xib in Resources */,
			);
			runOnlyForDeploymentPostprocessing = 0;
		};
/* End PBXResourcesBuildPhase section */

/* Begin PBXShellScriptBuildPhase section */
		1B4409F408563D0687E4EC7F /* [CP] Embed Pods Frameworks */ = {
			isa = PBXShellScriptBuildPhase;
			buildActionMask = 2147483647;
			files = (
			);
			inputFileListPaths = (
			);
			inputPaths = (
				"${PODS_ROOT}/Target Support Files/Pods-mSaving/Pods-mSaving-frameworks.sh",
				"${BUILT_PRODUCTS_DIR}/BetterSegmentedControl/BetterSegmentedControl.framework",
				"${BUILT_PRODUCTS_DIR}/Charts/Charts.framework",
				"${BUILT_PRODUCTS_DIR}/FSCalendar/FSCalendar.framework",
			);
			name = "[CP] Embed Pods Frameworks";
			outputFileListPaths = (
			);
			outputPaths = (
				"${TARGET_BUILD_DIR}/${FRAMEWORKS_FOLDER_PATH}/BetterSegmentedControl.framework",
				"${TARGET_BUILD_DIR}/${FRAMEWORKS_FOLDER_PATH}/Charts.framework",
				"${TARGET_BUILD_DIR}/${FRAMEWORKS_FOLDER_PATH}/FSCalendar.framework",
			);
			runOnlyForDeploymentPostprocessing = 0;
			shellPath = /bin/sh;
			shellScript = "\"${PODS_ROOT}/Target Support Files/Pods-mSaving/Pods-mSaving-frameworks.sh\"\n";
			showEnvVarsInLog = 0;
		};
		B7B405D90613C72D0DB5D1C2 /* [CP] Check Pods Manifest.lock */ = {
			isa = PBXShellScriptBuildPhase;
			buildActionMask = 2147483647;
			files = (
			);
			inputFileListPaths = (
			);
			inputPaths = (
				"${PODS_PODFILE_DIR_PATH}/Podfile.lock",
				"${PODS_ROOT}/Manifest.lock",
			);
			name = "[CP] Check Pods Manifest.lock";
			outputFileListPaths = (
			);
			outputPaths = (
				"$(DERIVED_FILE_DIR)/Pods-mSaving-checkManifestLockResult.txt",
			);
			runOnlyForDeploymentPostprocessing = 0;
			shellPath = /bin/sh;
			shellScript = "diff \"${PODS_PODFILE_DIR_PATH}/Podfile.lock\" \"${PODS_ROOT}/Manifest.lock\" > /dev/null\nif [ $? != 0 ] ; then\n    # print error to STDERR\n    echo \"error: The sandbox is not in sync with the Podfile.lock. Run 'pod install' or update your CocoaPods installation.\" >&2\n    exit 1\nfi\n# This output is used by Xcode 'outputs' to avoid re-running this script phase.\necho \"SUCCESS\" > \"${SCRIPT_OUTPUT_FILE_0}\"\n";
			showEnvVarsInLog = 0;
		};
/* End PBXShellScriptBuildPhase section */

/* Begin PBXSourcesBuildPhase section */
		DEECB01E22533430002D6C30 /* Sources */ = {
			isa = PBXSourcesBuildPhase;
			buildActionMask = 2147483647;
			files = (
				DE2BB358225360C2001D55E4 /* TopView.swift in Sources */,
				DEECB05922533599002D6C30 /* SavingDetailVC.swift in Sources */,
				DE2BB35C22539662001D55E4 /* SavingCVCell.swift in Sources */,
				DEECB05A22533599002D6C30 /* SavingVC.swift in Sources */,
				DEBE8C28225519F800C2A8A3 /* AccountCVCell.swift in Sources */,
				DE4984B8225878A8004E4AE9 /* CategoryAccountsTotalCVCell.swift in Sources */,
				DEECB063225335FA002D6C30 /* UIView - extension.swift in Sources */,
				DEBE8C2C2255AED800C2A8A3 /* AccountDateCVCell.swift in Sources */,
				DE21B906225794C900B65719 /* BarChartCVCell.swift in Sources */,
				DE4984B522586A0F004E4AE9 /* CategoryAccountsDetailVC.swift in Sources */,
				DE2BB3662253AC1D001D55E4 /* MonthCVCell.swift in Sources */,
				DE7B38AE2257427200C17846 /* CategoryCVCell.swift in Sources */,
				DEBE8C252254AE5200C2A8A3 /* UITableView - extension.swift in Sources */,
				DEECB05C22533599002D6C30 /* TabBarController.swift in Sources */,
				DEECB05822533599002D6C30 /* SettingVC.swift in Sources */,
				DEEAA9CC2255F4A5005FCE8E /* SavingDetailCVCell.swift in Sources */,
				DEECB064225335FA002D6C30 /* UIImage - extension.swift in Sources */,
				DE2BB3692253AE16001D55E4 /* Int - extension.swift in Sources */,
				DEECB065225335FA002D6C30 /* UIStoryboard - extension.swift in Sources */,
				DE7B38AA2257329300C17846 /* IncomeExpenseCVCell.swift in Sources */,
				DE99AC8A22563D1400B12AD6 /* SavingDetailAddVC.swift in Sources */,
				DEACE3DC2257AD1900EA209C /* AnalysisCVCell.swift in Sources */,
				DEBE8C1B2254836800C2A8A3 /* UIColor - extension.swift in Sources */,
				DEECB05722533599002D6C30 /* SavingGoalSetVC.swift in Sources */,
				DEECB02E22533430002D6C30 /* mSaving.xcdatamodeld in Sources */,
				DEECB05B22533599002D6C30 /* AccountingVC.swift in Sources */,
				DE21B90222578D9800B65719 /* PieChartCVCell.swift in Sources */,
				DE2BB36322539B95001D55E4 /* UICollectionView - extension.swift in Sources */,
				DE2BB36122539A16001D55E4 /* SavingGoalView.swift in Sources */,
				DEECB02622533430002D6C30 /* AppDelegate.swift in Sources */,
				DEACE3E02257B9F500EA209C /* AccountsCVCell.swift in Sources */,
				DEECB05622533599002D6C30 /* ChartVC.swift in Sources */,
			);
			runOnlyForDeploymentPostprocessing = 0;
		};
/* End PBXSourcesBuildPhase section */

/* Begin PBXVariantGroup section */
		DEECB0412253358B002D6C30 /* LaunchScreen.storyboard */ = {
			isa = PBXVariantGroup;
			children = (
				DEECB0422253358B002D6C30 /* Base */,
			);
			name = LaunchScreen.storyboard;
			sourceTree = "<group>";
		};
		DEECB0432253358B002D6C30 /* Main.storyboard */ = {
			isa = PBXVariantGroup;
			children = (
				DEECB0442253358B002D6C30 /* Base */,
			);
			name = Main.storyboard;
			sourceTree = "<group>";
		};
/* End PBXVariantGroup section */

/* Begin XCBuildConfiguration section */
		DEECB03522533432002D6C30 /* Debug */ = {
			isa = XCBuildConfiguration;
			buildSettings = {
				ALWAYS_SEARCH_USER_PATHS = NO;
				CLANG_ANALYZER_NONNULL = YES;
				CLANG_ANALYZER_NUMBER_OBJECT_CONVERSION = YES_AGGRESSIVE;
				CLANG_CXX_LANGUAGE_STANDARD = "gnu++14";
				CLANG_CXX_LIBRARY = "libc++";
				CLANG_ENABLE_MODULES = YES;
				CLANG_ENABLE_OBJC_ARC = YES;
				CLANG_ENABLE_OBJC_WEAK = YES;
				CLANG_WARN_BLOCK_CAPTURE_AUTORELEASING = YES;
				CLANG_WARN_BOOL_CONVERSION = YES;
				CLANG_WARN_COMMA = YES;
				CLANG_WARN_CONSTANT_CONVERSION = YES;
				CLANG_WARN_DEPRECATED_OBJC_IMPLEMENTATIONS = YES;
				CLANG_WARN_DIRECT_OBJC_ISA_USAGE = YES_ERROR;
				CLANG_WARN_DOCUMENTATION_COMMENTS = YES;
				CLANG_WARN_EMPTY_BODY = YES;
				CLANG_WARN_ENUM_CONVERSION = YES;
				CLANG_WARN_INFINITE_RECURSION = YES;
				CLANG_WARN_INT_CONVERSION = YES;
				CLANG_WARN_NON_LITERAL_NULL_CONVERSION = YES;
				CLANG_WARN_OBJC_IMPLICIT_RETAIN_SELF = YES;
				CLANG_WARN_OBJC_LITERAL_CONVERSION = YES;
				CLANG_WARN_OBJC_ROOT_CLASS = YES_ERROR;
				CLANG_WARN_RANGE_LOOP_ANALYSIS = YES;
				CLANG_WARN_STRICT_PROTOTYPES = YES;
				CLANG_WARN_SUSPICIOUS_MOVE = YES;
				CLANG_WARN_UNGUARDED_AVAILABILITY = YES_AGGRESSIVE;
				CLANG_WARN_UNREACHABLE_CODE = YES;
				CLANG_WARN__DUPLICATE_METHOD_MATCH = YES;
				CODE_SIGN_IDENTITY = "iPhone Developer";
				COPY_PHASE_STRIP = NO;
				DEBUG_INFORMATION_FORMAT = dwarf;
				ENABLE_STRICT_OBJC_MSGSEND = YES;
				ENABLE_TESTABILITY = YES;
				GCC_C_LANGUAGE_STANDARD = gnu11;
				GCC_DYNAMIC_NO_PIC = NO;
				GCC_NO_COMMON_BLOCKS = YES;
				GCC_OPTIMIZATION_LEVEL = 0;
				GCC_PREPROCESSOR_DEFINITIONS = (
					"DEBUG=1",
					"$(inherited)",
				);
				GCC_WARN_64_TO_32_BIT_CONVERSION = YES;
				GCC_WARN_ABOUT_RETURN_TYPE = YES_ERROR;
				GCC_WARN_UNDECLARED_SELECTOR = YES;
				GCC_WARN_UNINITIALIZED_AUTOS = YES_AGGRESSIVE;
				GCC_WARN_UNUSED_FUNCTION = YES;
				GCC_WARN_UNUSED_VARIABLE = YES;
				IPHONEOS_DEPLOYMENT_TARGET = 12.2;
				MTL_ENABLE_DEBUG_INFO = INCLUDE_SOURCE;
				MTL_FAST_MATH = YES;
				ONLY_ACTIVE_ARCH = YES;
				SDKROOT = iphoneos;
				SWIFT_ACTIVE_COMPILATION_CONDITIONS = DEBUG;
				SWIFT_OPTIMIZATION_LEVEL = "-Onone";
			};
			name = Debug;
		};
		DEECB03622533432002D6C30 /* Release */ = {
			isa = XCBuildConfiguration;
			buildSettings = {
				ALWAYS_SEARCH_USER_PATHS = NO;
				CLANG_ANALYZER_NONNULL = YES;
				CLANG_ANALYZER_NUMBER_OBJECT_CONVERSION = YES_AGGRESSIVE;
				CLANG_CXX_LANGUAGE_STANDARD = "gnu++14";
				CLANG_CXX_LIBRARY = "libc++";
				CLANG_ENABLE_MODULES = YES;
				CLANG_ENABLE_OBJC_ARC = YES;
				CLANG_ENABLE_OBJC_WEAK = YES;
				CLANG_WARN_BLOCK_CAPTURE_AUTORELEASING = YES;
				CLANG_WARN_BOOL_CONVERSION = YES;
				CLANG_WARN_COMMA = YES;
				CLANG_WARN_CONSTANT_CONVERSION = YES;
				CLANG_WARN_DEPRECATED_OBJC_IMPLEMENTATIONS = YES;
				CLANG_WARN_DIRECT_OBJC_ISA_USAGE = YES_ERROR;
				CLANG_WARN_DOCUMENTATION_COMMENTS = YES;
				CLANG_WARN_EMPTY_BODY = YES;
				CLANG_WARN_ENUM_CONVERSION = YES;
				CLANG_WARN_INFINITE_RECURSION = YES;
				CLANG_WARN_INT_CONVERSION = YES;
				CLANG_WARN_NON_LITERAL_NULL_CONVERSION = YES;
				CLANG_WARN_OBJC_IMPLICIT_RETAIN_SELF = YES;
				CLANG_WARN_OBJC_LITERAL_CONVERSION = YES;
				CLANG_WARN_OBJC_ROOT_CLASS = YES_ERROR;
				CLANG_WARN_RANGE_LOOP_ANALYSIS = YES;
				CLANG_WARN_STRICT_PROTOTYPES = YES;
				CLANG_WARN_SUSPICIOUS_MOVE = YES;
				CLANG_WARN_UNGUARDED_AVAILABILITY = YES_AGGRESSIVE;
				CLANG_WARN_UNREACHABLE_CODE = YES;
				CLANG_WARN__DUPLICATE_METHOD_MATCH = YES;
				CODE_SIGN_IDENTITY = "iPhone Developer";
				COPY_PHASE_STRIP = NO;
				DEBUG_INFORMATION_FORMAT = "dwarf-with-dsym";
				ENABLE_NS_ASSERTIONS = NO;
				ENABLE_STRICT_OBJC_MSGSEND = YES;
				GCC_C_LANGUAGE_STANDARD = gnu11;
				GCC_NO_COMMON_BLOCKS = YES;
				GCC_WARN_64_TO_32_BIT_CONVERSION = YES;
				GCC_WARN_ABOUT_RETURN_TYPE = YES_ERROR;
				GCC_WARN_UNDECLARED_SELECTOR = YES;
				GCC_WARN_UNINITIALIZED_AUTOS = YES_AGGRESSIVE;
				GCC_WARN_UNUSED_FUNCTION = YES;
				GCC_WARN_UNUSED_VARIABLE = YES;
				IPHONEOS_DEPLOYMENT_TARGET = 12.2;
				MTL_ENABLE_DEBUG_INFO = NO;
				MTL_FAST_MATH = YES;
				SDKROOT = iphoneos;
				SWIFT_COMPILATION_MODE = wholemodule;
				SWIFT_OPTIMIZATION_LEVEL = "-O";
				VALIDATE_PRODUCT = YES;
			};
			name = Release;
		};
		DEECB03822533432002D6C30 /* Debug */ = {
			isa = XCBuildConfiguration;
			baseConfigurationReference = 2269CA763E2B12B921C758F2 /* Pods-mSaving.debug.xcconfig */;
			buildSettings = {
				ASSETCATALOG_COMPILER_APPICON_NAME = AppIcon;
				CODE_SIGN_STYLE = Automatic;
				DEVELOPMENT_TEAM = B8QRU3Z535;
				INFOPLIST_FILE = mSaving/Info.plist;
				LD_RUNPATH_SEARCH_PATHS = (
					"$(inherited)",
					"@executable_path/Frameworks",
				);
				PRODUCT_BUNDLE_IDENTIFIER = com.terry.mSaving;
				PRODUCT_NAME = "$(TARGET_NAME)";
				SWIFT_VERSION = 5.0;
				TARGETED_DEVICE_FAMILY = "1,2";
			};
			name = Debug;
		};
		DEECB03922533432002D6C30 /* Release */ = {
			isa = XCBuildConfiguration;
			baseConfigurationReference = 2C6C6317FBC34568D8610458 /* Pods-mSaving.release.xcconfig */;
			buildSettings = {
				ASSETCATALOG_COMPILER_APPICON_NAME = AppIcon;
				CODE_SIGN_STYLE = Automatic;
				DEVELOPMENT_TEAM = B8QRU3Z535;
				INFOPLIST_FILE = mSaving/Info.plist;
				LD_RUNPATH_SEARCH_PATHS = (
					"$(inherited)",
					"@executable_path/Frameworks",
				);
				PRODUCT_BUNDLE_IDENTIFIER = com.terry.mSaving;
				PRODUCT_NAME = "$(TARGET_NAME)";
				SWIFT_VERSION = 5.0;
				TARGETED_DEVICE_FAMILY = "1,2";
			};
			name = Release;
		};
/* End XCBuildConfiguration section */

/* Begin XCConfigurationList section */
		DEECB01D22533430002D6C30 /* Build configuration list for PBXProject "mSaving" */ = {
			isa = XCConfigurationList;
			buildConfigurations = (
				DEECB03522533432002D6C30 /* Debug */,
				DEECB03622533432002D6C30 /* Release */,
			);
			defaultConfigurationIsVisible = 0;
			defaultConfigurationName = Release;
		};
		DEECB03722533432002D6C30 /* Build configuration list for PBXNativeTarget "mSaving" */ = {
			isa = XCConfigurationList;
			buildConfigurations = (
				DEECB03822533432002D6C30 /* Debug */,
				DEECB03922533432002D6C30 /* Release */,
			);
			defaultConfigurationIsVisible = 0;
			defaultConfigurationName = Release;
		};
/* End XCConfigurationList section */

/* Begin XCVersionGroup section */
		DEECB02C22533430002D6C30 /* mSaving.xcdatamodeld */ = {
			isa = XCVersionGroup;
			children = (
				DEECB02D22533430002D6C30 /* mSaving.xcdatamodel */,
			);
			currentVersion = DEECB02D22533430002D6C30 /* mSaving.xcdatamodel */;
			path = mSaving.xcdatamodeld;
			sourceTree = "<group>";
			versionGroupType = wrapper.xcdatamodel;
		};
/* End XCVersionGroup section */
	};
	rootObject = DEECB01A22533430002D6C30 /* Project object */;
}
