// !$*UTF8*$!
{
	archiveVersion = 1;
	classes = {
	};
	objectVersion = 50;
	objects = {

/* Begin PBXBuildFile section */
		34FE46260D153EA89122AC6A /* Pods_mSaving.framework in Frameworks */ = {isa = PBXBuildFile; fileRef = E2F60CB0FEB4CC786F0B4059 /* Pods_mSaving.framework */; };
		37935FF62C45D0DA61B87A67 /* Pods_mSavingTests.framework in Frameworks */ = {isa = PBXBuildFile; fileRef = F34163170596A438DB1E11E0 /* Pods_mSavingTests.framework */; };
		A8C6C4FAFFBA43AA846BB0A5 /* Pods_PaymentIntent.framework in Frameworks */ = {isa = PBXBuildFile; fileRef = 39954889D5B7E72FC0F1A436 /* Pods_PaymentIntent.framework */; };
		BAAAFBA3F6DEA26BE79E4598 /* Pods_PaymentIntentUI.framework in Frameworks */ = {isa = PBXBuildFile; fileRef = 44CCA7C78D1A03C2A0EEA8EE /* Pods_PaymentIntentUI.framework */; };
		DE02DECA226C97B700B51201 /* InvoiceVC.swift in Sources */ = {isa = PBXBuildFile; fileRef = DE02DEC9226C97B700B51201 /* InvoiceVC.swift */; };
		DE073DD52282C2200098BCAE /* PresentVC.swift in Sources */ = {isa = PBXBuildFile; fileRef = DE073DD42282C2200098BCAE /* PresentVC.swift */; };
		DE073DD722832F620098BCAE /* MonthVC.swift in Sources */ = {isa = PBXBuildFile; fileRef = DE073DD622832F620098BCAE /* MonthVC.swift */; };
		DE0BD670227D41B200E03E31 /* Formatter - extension.swift in Sources */ = {isa = PBXBuildFile; fileRef = DE0BD66F227D41B200E03E31 /* Formatter - extension.swift */; };
		DE1544F522748C9D00814EC3 /* AccountProvider.swift in Sources */ = {isa = PBXBuildFile; fileRef = DE366AB8226EBA4600A65954 /* AccountProvider.swift */; };
		DE1544F622748CB000814EC3 /* AccountProvider.swift in Sources */ = {isa = PBXBuildFile; fileRef = DE366AB8226EBA4600A65954 /* AccountProvider.swift */; };
		DE21B90222578D9800B65719 /* PieChartCVCell.swift in Sources */ = {isa = PBXBuildFile; fileRef = DE21B90022578D9800B65719 /* PieChartCVCell.swift */; };
		DE21B90322578D9800B65719 /* PieChartCVCell.xib in Resources */ = {isa = PBXBuildFile; fileRef = DE21B90122578D9800B65719 /* PieChartCVCell.xib */; };
		DE21B906225794C900B65719 /* BarChartCVCell.swift in Sources */ = {isa = PBXBuildFile; fileRef = DE21B904225794C900B65719 /* BarChartCVCell.swift */; };
		DE21B907225794C900B65719 /* BarChartCVCell.xib in Resources */ = {isa = PBXBuildFile; fileRef = DE21B905225794C900B65719 /* BarChartCVCell.xib */; };
		DE24715022840093005A341C /* CategoryCollectionViewVC.swift in Sources */ = {isa = PBXBuildFile; fileRef = DE24714F22840093005A341C /* CategoryCollectionViewVC.swift */; };
		DE24715322855D07005A341C /* MessageViewVC.swift in Sources */ = {isa = PBXBuildFile; fileRef = DE24715222855D07005A341C /* MessageViewVC.swift */; };
		DE24717922857331005A341C /* mSavingTests.swift in Sources */ = {isa = PBXBuildFile; fileRef = DE24717822857331005A341C /* mSavingTests.swift */; };
		DE29CC0322815860001EC04E /* MessageView.swift in Sources */ = {isa = PBXBuildFile; fileRef = DE29CC0222815860001EC04E /* MessageView.swift */; };
		DE2BB35C22539662001D55E4 /* SavingCVCell.swift in Sources */ = {isa = PBXBuildFile; fileRef = DE2BB35A22539662001D55E4 /* SavingCVCell.swift */; };
		DE2BB35D22539662001D55E4 /* SavingCVCell.xib in Resources */ = {isa = PBXBuildFile; fileRef = DE2BB35B22539662001D55E4 /* SavingCVCell.xib */; };
		DE2BB36322539B95001D55E4 /* UICollectionView - extension.swift in Sources */ = {isa = PBXBuildFile; fileRef = DE2BB36222539B95001D55E4 /* UICollectionView - extension.swift */; };
		DE2BB3662253AC1D001D55E4 /* MonthCVCell.swift in Sources */ = {isa = PBXBuildFile; fileRef = DE2BB3642253AC1D001D55E4 /* MonthCVCell.swift */; };
		DE2BB3672253AC1D001D55E4 /* MonthCVCell.xib in Resources */ = {isa = PBXBuildFile; fileRef = DE2BB3652253AC1D001D55E4 /* MonthCVCell.xib */; };
		DE2BB3692253AE16001D55E4 /* Int - extension.swift in Sources */ = {isa = PBXBuildFile; fileRef = DE2BB3682253AE16001D55E4 /* Int - extension.swift */; };
		DE366AB7226EA9F000A65954 /* CategoryProvider.swift in Sources */ = {isa = PBXBuildFile; fileRef = DE366AB6226EA9F000A65954 /* CategoryProvider.swift */; };
		DE366AB9226EBA4600A65954 /* AccountProvider.swift in Sources */ = {isa = PBXBuildFile; fileRef = DE366AB8226EBA4600A65954 /* AccountProvider.swift */; };
		DE366ABB226EBEF900A65954 /* SavingProvider.swift in Sources */ = {isa = PBXBuildFile; fileRef = DE366ABA226EBEF900A65954 /* SavingProvider.swift */; };
		DE366ABD226EC20700A65954 /* AccountingProvider.swift in Sources */ = {isa = PBXBuildFile; fileRef = DE366ABC226EC20700A65954 /* AccountingProvider.swift */; };
		DE366ABF226EE64700A65954 /* NotificationManager.swift in Sources */ = {isa = PBXBuildFile; fileRef = DE366ABE226EE64700A65954 /* NotificationManager.swift */; };
		DE366AC1226EE88200A65954 /* Notification - extension.swift in Sources */ = {isa = PBXBuildFile; fileRef = DE366AC0226EE88200A65954 /* Notification - extension.swift */; };
		DE490C30227AF3660063EAD4 /* SiriVC.swift in Sources */ = {isa = PBXBuildFile; fileRef = DE490C2F227AF3660063EAD4 /* SiriVC.swift */; };
		DE4984B522586A0F004E4AE9 /* ChartDetailVC.swift in Sources */ = {isa = PBXBuildFile; fileRef = DE4984B422586A0F004E4AE9 /* ChartDetailVC.swift */; };
		DE4984B8225878A8004E4AE9 /* CategoryAccountingsTotalCVCell.swift in Sources */ = {isa = PBXBuildFile; fileRef = DE4984B6225878A8004E4AE9 /* CategoryAccountingsTotalCVCell.swift */; };
		DE4984B9225878A8004E4AE9 /* CategoryAccountingsTotalCVCell.xib in Resources */ = {isa = PBXBuildFile; fileRef = DE4984B7225878A8004E4AE9 /* CategoryAccountingsTotalCVCell.xib */; };
		DE5776D8226F57D300652B61 /* AccountingTransformer.swift in Sources */ = {isa = PBXBuildFile; fileRef = DE5776D7226F57D300652B61 /* AccountingTransformer.swift */; };
		DE712852225E541400E12283 /* AccountVC.swift in Sources */ = {isa = PBXBuildFile; fileRef = DE712851225E541400E12283 /* AccountVC.swift */; };
		DE7B38AE2257427200C17846 /* CategorySelectCVCell.swift in Sources */ = {isa = PBXBuildFile; fileRef = DE7B38AC2257427200C17846 /* CategorySelectCVCell.swift */; };
		DE7B38AF2257427200C17846 /* CategorySelectCVCell.xib in Resources */ = {isa = PBXBuildFile; fileRef = DE7B38AD2257427200C17846 /* CategorySelectCVCell.xib */; };
		DE8F7BFA22818BB900EBFDBD /* AccountingProvider.swift in Sources */ = {isa = PBXBuildFile; fileRef = DE366ABC226EC20700A65954 /* AccountingProvider.swift */; };
		DE8F7BFB22818BBA00EBFDBD /* AccountingProvider.swift in Sources */ = {isa = PBXBuildFile; fileRef = DE366ABC226EC20700A65954 /* AccountingProvider.swift */; };
		DE8F7BFD22818EF300EBFDBD /* MessageView.swift in Sources */ = {isa = PBXBuildFile; fileRef = DE29CC0222815860001EC04E /* MessageView.swift */; };
		DE8F7BFE22818EF300EBFDBD /* MessageView.swift in Sources */ = {isa = PBXBuildFile; fileRef = DE29CC0222815860001EC04E /* MessageView.swift */; };
		DE8F7BFF22818F3400EBFDBD /* UIImage - extension.swift in Sources */ = {isa = PBXBuildFile; fileRef = DEECB061225335FA002D6C30 /* UIImage - extension.swift */; };
		DE8F7C0022818F3500EBFDBD /* UIImage - extension.swift in Sources */ = {isa = PBXBuildFile; fileRef = DEECB061225335FA002D6C30 /* UIImage - extension.swift */; };
		DE8F7C0122818F3700EBFDBD /* UIColor - extension.swift in Sources */ = {isa = PBXBuildFile; fileRef = DEBE8C1A2254836800C2A8A3 /* UIColor - extension.swift */; };
		DE8F7C0222818F3800EBFDBD /* UIColor - extension.swift in Sources */ = {isa = PBXBuildFile; fileRef = DEBE8C1A2254836800C2A8A3 /* UIColor - extension.swift */; };
		DE97C64B2258E12400D0C9CF /* MainSavingCVCell.swift in Sources */ = {isa = PBXBuildFile; fileRef = DE97C6492258E12400D0C9CF /* MainSavingCVCell.swift */; };
		DE97C64C2258E12400D0C9CF /* MainSavingCVCell.xib in Resources */ = {isa = PBXBuildFile; fileRef = DE97C64A2258E12400D0C9CF /* MainSavingCVCell.xib */; };
		DE97C64F225919CE00D0C9CF /* AddSavingCVCell.swift in Sources */ = {isa = PBXBuildFile; fileRef = DE97C64D225919CE00D0C9CF /* AddSavingCVCell.swift */; };
		DE97C650225919CE00D0C9CF /* AddSavingCVCell.xib in Resources */ = {isa = PBXBuildFile; fileRef = DE97C64E225919CE00D0C9CF /* AddSavingCVCell.xib */; };
		DE990ED3227E8F1000958B33 /* AskCameraView.xib in Resources */ = {isa = PBXBuildFile; fileRef = DE990ED2227E8F1000958B33 /* AskCameraView.xib */; };
		DE990ED5227E8FB900958B33 /* AskCameraView.swift in Sources */ = {isa = PBXBuildFile; fileRef = DE990ED4227E8FB900958B33 /* AskCameraView.swift */; };
		DE99AC8A22563D1400B12AD6 /* SubSavingVC.swift in Sources */ = {isa = PBXBuildFile; fileRef = DE99AC8922563D1400B12AD6 /* SubSavingVC.swift */; };
		DE9BEFEA225DD2DE003458AD /* CoreDataManager.swift in Sources */ = {isa = PBXBuildFile; fileRef = DE9BEFE9225DD2DE003458AD /* CoreDataManager.swift */; };
		DEA5CEF4226DB83900A312E5 /* InvoiceAddVC.swift in Sources */ = {isa = PBXBuildFile; fileRef = DEA5CEF3226DB83900A312E5 /* InvoiceAddVC.swift */; };
		DEA6157B22794FDF00F086CC /* AlertManager.swift in Sources */ = {isa = PBXBuildFile; fileRef = DEA6157A22794FDE00F086CC /* AlertManager.swift */; };
		DEA65DF32259EE4700A10242 /* CategorysCVCell.swift in Sources */ = {isa = PBXBuildFile; fileRef = DEA65DF12259EE4700A10242 /* CategorysCVCell.swift */; };
		DEA65DF42259EE4700A10242 /* CategorysCVCell.xib in Resources */ = {isa = PBXBuildFile; fileRef = DEA65DF22259EE4700A10242 /* CategorysCVCell.xib */; };
		DEA65DF62259F5F900A10242 /* CategorySetVC.swift in Sources */ = {isa = PBXBuildFile; fileRef = DEA65DF52259F5F800A10242 /* CategorySetVC.swift */; };
		DEA65DF9225A211800A10242 /* IconCVCell.swift in Sources */ = {isa = PBXBuildFile; fileRef = DEA65DF7225A211800A10242 /* IconCVCell.swift */; };
		DEA65DFA225A211800A10242 /* IconCVCell.xib in Resources */ = {isa = PBXBuildFile; fileRef = DEA65DF8225A211800A10242 /* IconCVCell.xib */; };
		DEA65DFC225A63E400A10242 /* SearchVC.swift in Sources */ = {isa = PBXBuildFile; fileRef = DEA65DFB225A63E400A10242 /* SearchVC.swift */; };
		DEAA6A292259984B00224B26 /* CategoryVC.swift in Sources */ = {isa = PBXBuildFile; fileRef = DEAA6A282259984B00224B26 /* CategoryVC.swift */; };
		DEAA6A302259B07C00224B26 /* CategoryCVCell.swift in Sources */ = {isa = PBXBuildFile; fileRef = DEAA6A2E2259B07C00224B26 /* CategoryCVCell.swift */; };
		DEAA6A312259B07C00224B26 /* CategoryCVCell.xib in Resources */ = {isa = PBXBuildFile; fileRef = DEAA6A2F2259B07C00224B26 /* CategoryCVCell.xib */; };
		DEACE3DC2257AD1900EA209C /* AnalysisCVCell.swift in Sources */ = {isa = PBXBuildFile; fileRef = DEACE3DA2257AD1900EA209C /* AnalysisCVCell.swift */; };
		DEACE3DD2257AD1900EA209C /* AnalysisCVCell.xib in Resources */ = {isa = PBXBuildFile; fileRef = DEACE3DB2257AD1900EA209C /* AnalysisCVCell.xib */; };
		DEACE3E02257B9F500EA209C /* AccountingsCVCell.swift in Sources */ = {isa = PBXBuildFile; fileRef = DEACE3DE2257B9F500EA209C /* AccountingsCVCell.swift */; };
		DEACE3E12257B9F500EA209C /* AccountingsCVCell.xib in Resources */ = {isa = PBXBuildFile; fileRef = DEACE3DF2257B9F500EA209C /* AccountingsCVCell.xib */; };
		DEAF79B622757A85002C48B9 /* UILabel - extension.swift in Sources */ = {isa = PBXBuildFile; fileRef = DEAF79B522757A85002C48B9 /* UILabel - extension.swift */; };
		DEBA92EB226D7CE200D93806 /* InvoiceRequest.swift in Sources */ = {isa = PBXBuildFile; fileRef = DEBA92EA226D7CE200D93806 /* InvoiceRequest.swift */; };
		DEBA92ED226D821B00D93806 /* InvoiceProvider.swift in Sources */ = {isa = PBXBuildFile; fileRef = DEBA92EC226D821B00D93806 /* InvoiceProvider.swift */; };
		DEBA92EF226D8A4F00D93806 /* String - extension.swift in Sources */ = {isa = PBXBuildFile; fileRef = DEBA92EE226D8A4F00D93806 /* String - extension.swift */; };
		DEBE8C1B2254836800C2A8A3 /* UIColor - extension.swift in Sources */ = {isa = PBXBuildFile; fileRef = DEBE8C1A2254836800C2A8A3 /* UIColor - extension.swift */; };
		DEBE8C252254AE5200C2A8A3 /* UITableView - extension.swift in Sources */ = {isa = PBXBuildFile; fileRef = DEBE8C242254AE5200C2A8A3 /* UITableView - extension.swift */; };
		DEBE8C28225519F800C2A8A3 /* AccountingCVCell.swift in Sources */ = {isa = PBXBuildFile; fileRef = DEBE8C26225519F800C2A8A3 /* AccountingCVCell.swift */; };
		DEBE8C29225519F800C2A8A3 /* AccountingCVCell.xib in Resources */ = {isa = PBXBuildFile; fileRef = DEBE8C27225519F800C2A8A3 /* AccountingCVCell.xib */; };
		DEBE8C2C2255AED800C2A8A3 /* AccountingDateCVCell.swift in Sources */ = {isa = PBXBuildFile; fileRef = DEBE8C2A2255AED800C2A8A3 /* AccountingDateCVCell.swift */; };
		DEBE8C2D2255AED800C2A8A3 /* AccountingDateCVCell.xib in Resources */ = {isa = PBXBuildFile; fileRef = DEBE8C2B2255AED800C2A8A3 /* AccountingDateCVCell.xib */; };
		DEDE571222702EB10071FCFD /* IntentHandler.swift in Sources */ = {isa = PBXBuildFile; fileRef = DEDE571122702EB10071FCFD /* IntentHandler.swift */; };
		DEDE571A22702EB20071FCFD /* IntentsUI.framework in Frameworks */ = {isa = PBXBuildFile; fileRef = DEDE571922702EB20071FCFD /* IntentsUI.framework */; };
		DEDE571D22702EB20071FCFD /* IntentViewController.swift in Sources */ = {isa = PBXBuildFile; fileRef = DEDE571C22702EB20071FCFD /* IntentViewController.swift */; };
		DEDE572022702EB20071FCFD /* MainInterface.storyboard in Resources */ = {isa = PBXBuildFile; fileRef = DEDE571E22702EB20071FCFD /* MainInterface.storyboard */; };
		DEDE572422702EB20071FCFD /* PaymentIntentUI.appex in Embed App Extensions */ = {isa = PBXBuildFile; fileRef = DEDE571822702EB20071FCFD /* PaymentIntentUI.appex */; settings = {ATTRIBUTES = (RemoveHeadersOnCopy, ); }; };
		DEDE572722702EB20071FCFD /* PaymentIntent.appex in Embed App Extensions */ = {isa = PBXBuildFile; fileRef = DEDE570F22702EB10071FCFD /* PaymentIntent.appex */; settings = {ATTRIBUTES = (RemoveHeadersOnCopy, ); }; };
		DEDE5731227033400071FCFD /* mSaving.xcdatamodeld in Sources */ = {isa = PBXBuildFile; fileRef = DEECB02C22533430002D6C30 /* mSaving.xcdatamodeld */; };
		DEDE5732227033410071FCFD /* mSaving.xcdatamodeld in Sources */ = {isa = PBXBuildFile; fileRef = DEECB02C22533430002D6C30 /* mSaving.xcdatamodeld */; };
		DEDE5735227033E40071FCFD /* CoreDataManager.swift in Sources */ = {isa = PBXBuildFile; fileRef = DE9BEFE9225DD2DE003458AD /* CoreDataManager.swift */; };
		DEDE5736227033E50071FCFD /* CoreDataManager.swift in Sources */ = {isa = PBXBuildFile; fileRef = DE9BEFE9225DD2DE003458AD /* CoreDataManager.swift */; };
		DEDE5737227033E70071FCFD /* NotificationManager.swift in Sources */ = {isa = PBXBuildFile; fileRef = DE366ABE226EE64700A65954 /* NotificationManager.swift */; };
		DEDE5738227033E70071FCFD /* NotificationManager.swift in Sources */ = {isa = PBXBuildFile; fileRef = DE366ABE226EE64700A65954 /* NotificationManager.swift */; };
		DEDE5739227033F90071FCFD /* AccountingTransformer.swift in Sources */ = {isa = PBXBuildFile; fileRef = DE5776D7226F57D300652B61 /* AccountingTransformer.swift */; };
		DEDE573A227033FA0071FCFD /* AccountingTransformer.swift in Sources */ = {isa = PBXBuildFile; fileRef = DE5776D7226F57D300652B61 /* AccountingTransformer.swift */; };
		DEDE573B2270348B0071FCFD /* Notification - extension.swift in Sources */ = {isa = PBXBuildFile; fileRef = DE366AC0226EE88200A65954 /* Notification - extension.swift */; };
		DEDE573C2270348B0071FCFD /* Notification - extension.swift in Sources */ = {isa = PBXBuildFile; fileRef = DE366AC0226EE88200A65954 /* Notification - extension.swift */; };
		DEDE573D227036030071FCFD /* CategoryProvider.swift in Sources */ = {isa = PBXBuildFile; fileRef = DE366AB6226EA9F000A65954 /* CategoryProvider.swift */; };
		DEDE573E227036030071FCFD /* CategoryProvider.swift in Sources */ = {isa = PBXBuildFile; fileRef = DE366AB6226EA9F000A65954 /* CategoryProvider.swift */; };
		DEDE574022705C320071FCFD /* IntentHandler.swift in Sources */ = {isa = PBXBuildFile; fileRef = DEDE571122702EB10071FCFD /* IntentHandler.swift */; };
		DEDE574122706BEE0071FCFD /* String - extension.swift in Sources */ = {isa = PBXBuildFile; fileRef = DEBA92EE226D8A4F00D93806 /* String - extension.swift */; };
		DEDE57422270C0E60071FCFD /* MainInterface.storyboard in Resources */ = {isa = PBXBuildFile; fileRef = DEDE571E22702EB20071FCFD /* MainInterface.storyboard */; };
		DEDE57432270C0EC0071FCFD /* IntentViewController.swift in Sources */ = {isa = PBXBuildFile; fileRef = DEDE571C22702EB20071FCFD /* IntentViewController.swift */; };
		DEDE57442270C0F70071FCFD /* IntentViewController.swift in Sources */ = {isa = PBXBuildFile; fileRef = DEDE571C22702EB20071FCFD /* IntentViewController.swift */; };
		DEDE57452270C0F90071FCFD /* MainInterface.storyboard in Resources */ = {isa = PBXBuildFile; fileRef = DEDE571E22702EB20071FCFD /* MainInterface.storyboard */; };
		DEDE57462270C0FC0071FCFD /* IntentHandler.swift in Sources */ = {isa = PBXBuildFile; fileRef = DEDE571122702EB10071FCFD /* IntentHandler.swift */; };
		DEDE574B2271A57E0071FCFD /* MonthProvider.swift in Sources */ = {isa = PBXBuildFile; fileRef = DEDE574A2271A57E0071FCFD /* MonthProvider.swift */; };
		DEDE574E2271EBC70071FCFD /* TimeManager.swift in Sources */ = {isa = PBXBuildFile; fileRef = DEDE574D2271EBC70071FCFD /* TimeManager.swift */; };
		DEDE57512271F3FE0071FCFD /* MonthProvider.swift in Sources */ = {isa = PBXBuildFile; fileRef = DEDE574A2271A57E0071FCFD /* MonthProvider.swift */; };
		DEDE57522271F3FE0071FCFD /* MonthProvider.swift in Sources */ = {isa = PBXBuildFile; fileRef = DEDE574A2271A57E0071FCFD /* MonthProvider.swift */; };
		DEDE57552271F5250071FCFD /* TimeManager.swift in Sources */ = {isa = PBXBuildFile; fileRef = DEDE574D2271EBC70071FCFD /* TimeManager.swift */; };
		DEDE57562271F5260071FCFD /* TimeManager.swift in Sources */ = {isa = PBXBuildFile; fileRef = DEDE574D2271EBC70071FCFD /* TimeManager.swift */; };
		DEEAA9CC2255F4A5005FCE8E /* SubSavingCVCell.swift in Sources */ = {isa = PBXBuildFile; fileRef = DEEAA9CA2255F4A5005FCE8E /* SubSavingCVCell.swift */; };
		DEEAA9CD2255F4A5005FCE8E /* SubSavingCVCell.xib in Resources */ = {isa = PBXBuildFile; fileRef = DEEAA9CB2255F4A5005FCE8E /* SubSavingCVCell.xib */; };
		DEEB5FB5226CC8DE0088C798 /* HTTPClient.swift in Sources */ = {isa = PBXBuildFile; fileRef = DEEB5FB4226CC8DE0088C798 /* HTTPClient.swift */; };
		DEEB5FB8226CD5880088C798 /* Invoice.swift in Sources */ = {isa = PBXBuildFile; fileRef = DEEB5FB7226CD5880088C798 /* Invoice.swift */; };
		DEEB5FBA226D79E90088C798 /* URLComponents - extension.swift in Sources */ = {isa = PBXBuildFile; fileRef = DEEB5FB9226D79E90088C798 /* URLComponents - extension.swift */; };
		DEECB02622533430002D6C30 /* AppDelegate.swift in Sources */ = {isa = PBXBuildFile; fileRef = DEECB02522533430002D6C30 /* AppDelegate.swift */; };
		DEECB02E22533430002D6C30 /* mSaving.xcdatamodeld in Sources */ = {isa = PBXBuildFile; fileRef = DEECB02C22533430002D6C30 /* mSaving.xcdatamodeld */; };
		DEECB03022533432002D6C30 /* Assets.xcassets in Resources */ = {isa = PBXBuildFile; fileRef = DEECB02F22533432002D6C30 /* Assets.xcassets */; };
		DEECB0472253358B002D6C30 /* Accounting.storyboard in Resources */ = {isa = PBXBuildFile; fileRef = DEECB03E2253358B002D6C30 /* Accounting.storyboard */; };
		DEECB0482253358B002D6C30 /* Setting.storyboard in Resources */ = {isa = PBXBuildFile; fileRef = DEECB03F2253358B002D6C30 /* Setting.storyboard */; };
		DEECB0492253358B002D6C30 /* Invoice.storyboard in Resources */ = {isa = PBXBuildFile; fileRef = DEECB0402253358B002D6C30 /* Invoice.storyboard */; };
		DEECB04A2253358B002D6C30 /* LaunchScreen.storyboard in Resources */ = {isa = PBXBuildFile; fileRef = DEECB0412253358B002D6C30 /* LaunchScreen.storyboard */; };
		DEECB04B2253358B002D6C30 /* Main.storyboard in Resources */ = {isa = PBXBuildFile; fileRef = DEECB0432253358B002D6C30 /* Main.storyboard */; };
		DEECB04C2253358B002D6C30 /* Chart.storyboard in Resources */ = {isa = PBXBuildFile; fileRef = DEECB0452253358B002D6C30 /* Chart.storyboard */; };
		DEECB04D2253358B002D6C30 /* Saving.storyboard in Resources */ = {isa = PBXBuildFile; fileRef = DEECB0462253358B002D6C30 /* Saving.storyboard */; };
		DEECB05622533599002D6C30 /* ChartVC.swift in Sources */ = {isa = PBXBuildFile; fileRef = DEECB04F22533599002D6C30 /* ChartVC.swift */; };
		DEECB05722533599002D6C30 /* MainSavingVC.swift in Sources */ = {isa = PBXBuildFile; fileRef = DEECB05022533599002D6C30 /* MainSavingVC.swift */; };
		DEECB05822533599002D6C30 /* SettingVC.swift in Sources */ = {isa = PBXBuildFile; fileRef = DEECB05122533599002D6C30 /* SettingVC.swift */; };
		DEECB05A22533599002D6C30 /* SavingVC.swift in Sources */ = {isa = PBXBuildFile; fileRef = DEECB05322533599002D6C30 /* SavingVC.swift */; };
		DEECB05B22533599002D6C30 /* AccountingVC.swift in Sources */ = {isa = PBXBuildFile; fileRef = DEECB05422533599002D6C30 /* AccountingVC.swift */; };
		DEECB05C22533599002D6C30 /* TabBarController.swift in Sources */ = {isa = PBXBuildFile; fileRef = DEECB05522533599002D6C30 /* TabBarController.swift */; };
		DEECB063225335FA002D6C30 /* UIView - extension.swift in Sources */ = {isa = PBXBuildFile; fileRef = DEECB060225335FA002D6C30 /* UIView - extension.swift */; };
		DEECB064225335FA002D6C30 /* UIImage - extension.swift in Sources */ = {isa = PBXBuildFile; fileRef = DEECB061225335FA002D6C30 /* UIImage - extension.swift */; };
		DEECB065225335FA002D6C30 /* UIStoryboard - extension.swift in Sources */ = {isa = PBXBuildFile; fileRef = DEECB062225335FA002D6C30 /* UIStoryboard - extension.swift */; };
		DEF27CAC226977F30030DB9D /* CategoryAccountingsCVCell.swift in Sources */ = {isa = PBXBuildFile; fileRef = DEF27CAA226977F30030DB9D /* CategoryAccountingsCVCell.swift */; };
		DEF27CAD226977F30030DB9D /* CategoryAccountingsCVCell.xib in Resources */ = {isa = PBXBuildFile; fileRef = DEF27CAB226977F30030DB9D /* CategoryAccountingsCVCell.xib */; };
		DEF7B4632276CF0000F68F8B /* GoogleService-Info.plist in Resources */ = {isa = PBXBuildFile; fileRef = DEF7B4622276CEFF00F68F8B /* GoogleService-Info.plist */; };
/* End PBXBuildFile section */

/* Begin PBXContainerItemProxy section */
		DE24717B22857331005A341C /* PBXContainerItemProxy */ = {
			isa = PBXContainerItemProxy;
			containerPortal = DEECB01A22533430002D6C30 /* Project object */;
			proxyType = 1;
			remoteGlobalIDString = DEECB02122533430002D6C30;
			remoteInfo = mSaving;
		};
		DEDE572222702EB20071FCFD /* PBXContainerItemProxy */ = {
			isa = PBXContainerItemProxy;
			containerPortal = DEECB01A22533430002D6C30 /* Project object */;
			proxyType = 1;
			remoteGlobalIDString = DEDE571722702EB20071FCFD;
			remoteInfo = PaymentIntentUI;
		};
		DEDE572522702EB20071FCFD /* PBXContainerItemProxy */ = {
			isa = PBXContainerItemProxy;
			containerPortal = DEECB01A22533430002D6C30 /* Project object */;
			proxyType = 1;
			remoteGlobalIDString = DEDE570E22702EB10071FCFD;
			remoteInfo = PaymentIntent;
		};
/* End PBXContainerItemProxy section */

/* Begin PBXCopyFilesBuildPhase section */
		DEDE572E22702EB20071FCFD /* Embed App Extensions */ = {
			isa = PBXCopyFilesBuildPhase;
			buildActionMask = 2147483647;
			dstPath = "";
			dstSubfolderSpec = 13;
			files = (
				DEDE572422702EB20071FCFD /* PaymentIntentUI.appex in Embed App Extensions */,
				DEDE572722702EB20071FCFD /* PaymentIntent.appex in Embed App Extensions */,
			);
			name = "Embed App Extensions";
			runOnlyForDeploymentPostprocessing = 0;
		};
/* End PBXCopyFilesBuildPhase section */

/* Begin PBXFileReference section */
		2269CA763E2B12B921C758F2 /* Pods-mSaving.debug.xcconfig */ = {isa = PBXFileReference; includeInIndex = 1; lastKnownFileType = text.xcconfig; name = "Pods-mSaving.debug.xcconfig"; path = "Target Support Files/Pods-mSaving/Pods-mSaving.debug.xcconfig"; sourceTree = "<group>"; };
		2C6C6317FBC34568D8610458 /* Pods-mSaving.release.xcconfig */ = {isa = PBXFileReference; includeInIndex = 1; lastKnownFileType = text.xcconfig; name = "Pods-mSaving.release.xcconfig"; path = "Target Support Files/Pods-mSaving/Pods-mSaving.release.xcconfig"; sourceTree = "<group>"; };
		39954889D5B7E72FC0F1A436 /* Pods_PaymentIntent.framework */ = {isa = PBXFileReference; explicitFileType = wrapper.framework; includeInIndex = 0; path = Pods_PaymentIntent.framework; sourceTree = BUILT_PRODUCTS_DIR; };
		3CE047C4CBDF73357BD4C977 /* Pods-mSavingTests.debug.xcconfig */ = {isa = PBXFileReference; includeInIndex = 1; lastKnownFileType = text.xcconfig; name = "Pods-mSavingTests.debug.xcconfig"; path = "Target Support Files/Pods-mSavingTests/Pods-mSavingTests.debug.xcconfig"; sourceTree = "<group>"; };
		44CCA7C78D1A03C2A0EEA8EE /* Pods_PaymentIntentUI.framework */ = {isa = PBXFileReference; explicitFileType = wrapper.framework; includeInIndex = 0; path = Pods_PaymentIntentUI.framework; sourceTree = BUILT_PRODUCTS_DIR; };
		4BACA53F095B584B936B8306 /* Pods-PaymentIntent.debug.xcconfig */ = {isa = PBXFileReference; includeInIndex = 1; lastKnownFileType = text.xcconfig; name = "Pods-PaymentIntent.debug.xcconfig"; path = "Target Support Files/Pods-PaymentIntent/Pods-PaymentIntent.debug.xcconfig"; sourceTree = "<group>"; };
		856954376E295EBD6FB9FBF0 /* Pods-mSavingTests.release.xcconfig */ = {isa = PBXFileReference; includeInIndex = 1; lastKnownFileType = text.xcconfig; name = "Pods-mSavingTests.release.xcconfig"; path = "Target Support Files/Pods-mSavingTests/Pods-mSavingTests.release.xcconfig"; sourceTree = "<group>"; };
		8CF849528FF6FDFC2BF5FBF6 /* Pods-PaymentIntent.release.xcconfig */ = {isa = PBXFileReference; includeInIndex = 1; lastKnownFileType = text.xcconfig; name = "Pods-PaymentIntent.release.xcconfig"; path = "Target Support Files/Pods-PaymentIntent/Pods-PaymentIntent.release.xcconfig"; sourceTree = "<group>"; };
		C04056EC67D5D2B804E98C9C /* Pods-PaymentIntentUI.debug.xcconfig */ = {isa = PBXFileReference; includeInIndex = 1; lastKnownFileType = text.xcconfig; name = "Pods-PaymentIntentUI.debug.xcconfig"; path = "Target Support Files/Pods-PaymentIntentUI/Pods-PaymentIntentUI.debug.xcconfig"; sourceTree = "<group>"; };
		DD872CB340C41B2FB7A2BD8D /* Pods-PaymentIntentUI.release.xcconfig */ = {isa = PBXFileReference; includeInIndex = 1; lastKnownFileType = text.xcconfig; name = "Pods-PaymentIntentUI.release.xcconfig"; path = "Target Support Files/Pods-PaymentIntentUI/Pods-PaymentIntentUI.release.xcconfig"; sourceTree = "<group>"; };
		DE02DEC9226C97B700B51201 /* InvoiceVC.swift */ = {isa = PBXFileReference; lastKnownFileType = sourcecode.swift; path = InvoiceVC.swift; sourceTree = "<group>"; };
		DE073DD42282C2200098BCAE /* PresentVC.swift */ = {isa = PBXFileReference; lastKnownFileType = sourcecode.swift; path = PresentVC.swift; sourceTree = "<group>"; };
		DE073DD622832F620098BCAE /* MonthVC.swift */ = {isa = PBXFileReference; lastKnownFileType = sourcecode.swift; path = MonthVC.swift; sourceTree = "<group>"; };
		DE0BD66F227D41B200E03E31 /* Formatter - extension.swift */ = {isa = PBXFileReference; lastKnownFileType = sourcecode.swift; path = "Formatter - extension.swift"; sourceTree = "<group>"; };
		DE21B90022578D9800B65719 /* PieChartCVCell.swift */ = {isa = PBXFileReference; lastKnownFileType = sourcecode.swift; path = PieChartCVCell.swift; sourceTree = "<group>"; };
		DE21B90122578D9800B65719 /* PieChartCVCell.xib */ = {isa = PBXFileReference; lastKnownFileType = file.xib; path = PieChartCVCell.xib; sourceTree = "<group>"; };
		DE21B904225794C900B65719 /* BarChartCVCell.swift */ = {isa = PBXFileReference; lastKnownFileType = sourcecode.swift; path = BarChartCVCell.swift; sourceTree = "<group>"; };
		DE21B905225794C900B65719 /* BarChartCVCell.xib */ = {isa = PBXFileReference; lastKnownFileType = file.xib; path = BarChartCVCell.xib; sourceTree = "<group>"; };
		DE24714F22840093005A341C /* CategoryCollectionViewVC.swift */ = {isa = PBXFileReference; lastKnownFileType = sourcecode.swift; path = CategoryCollectionViewVC.swift; sourceTree = "<group>"; };
		DE24715222855D07005A341C /* MessageViewVC.swift */ = {isa = PBXFileReference; lastKnownFileType = sourcecode.swift; path = MessageViewVC.swift; sourceTree = "<group>"; };
		DE24717622857331005A341C /* mSavingTests.xctest */ = {isa = PBXFileReference; explicitFileType = wrapper.cfbundle; includeInIndex = 0; path = mSavingTests.xctest; sourceTree = BUILT_PRODUCTS_DIR; };
		DE24717822857331005A341C /* mSavingTests.swift */ = {isa = PBXFileReference; lastKnownFileType = sourcecode.swift; path = mSavingTests.swift; sourceTree = "<group>"; };
		DE24717A22857331005A341C /* Info.plist */ = {isa = PBXFileReference; lastKnownFileType = text.plist.xml; path = Info.plist; sourceTree = "<group>"; };
		DE29CC0222815860001EC04E /* MessageView.swift */ = {isa = PBXFileReference; lastKnownFileType = sourcecode.swift; path = MessageView.swift; sourceTree = "<group>"; };
		DE2BB35A22539662001D55E4 /* SavingCVCell.swift */ = {isa = PBXFileReference; lastKnownFileType = sourcecode.swift; path = SavingCVCell.swift; sourceTree = "<group>"; };
		DE2BB35B22539662001D55E4 /* SavingCVCell.xib */ = {isa = PBXFileReference; lastKnownFileType = file.xib; path = SavingCVCell.xib; sourceTree = "<group>"; };
		DE2BB36222539B95001D55E4 /* UICollectionView - extension.swift */ = {isa = PBXFileReference; lastKnownFileType = sourcecode.swift; path = "UICollectionView - extension.swift"; sourceTree = "<group>"; };
		DE2BB3642253AC1D001D55E4 /* MonthCVCell.swift */ = {isa = PBXFileReference; lastKnownFileType = sourcecode.swift; path = MonthCVCell.swift; sourceTree = "<group>"; };
		DE2BB3652253AC1D001D55E4 /* MonthCVCell.xib */ = {isa = PBXFileReference; lastKnownFileType = file.xib; path = MonthCVCell.xib; sourceTree = "<group>"; };
		DE2BB3682253AE16001D55E4 /* Int - extension.swift */ = {isa = PBXFileReference; lastKnownFileType = sourcecode.swift; path = "Int - extension.swift"; sourceTree = "<group>"; };
		DE366AB6226EA9F000A65954 /* CategoryProvider.swift */ = {isa = PBXFileReference; lastKnownFileType = sourcecode.swift; path = CategoryProvider.swift; sourceTree = "<group>"; };
		DE366AB8226EBA4600A65954 /* AccountProvider.swift */ = {isa = PBXFileReference; lastKnownFileType = sourcecode.swift; path = AccountProvider.swift; sourceTree = "<group>"; };
		DE366ABA226EBEF900A65954 /* SavingProvider.swift */ = {isa = PBXFileReference; lastKnownFileType = sourcecode.swift; path = SavingProvider.swift; sourceTree = "<group>"; };
		DE366ABC226EC20700A65954 /* AccountingProvider.swift */ = {isa = PBXFileReference; lastKnownFileType = sourcecode.swift; path = AccountingProvider.swift; sourceTree = "<group>"; };
		DE366ABE226EE64700A65954 /* NotificationManager.swift */ = {isa = PBXFileReference; lastKnownFileType = sourcecode.swift; path = NotificationManager.swift; sourceTree = "<group>"; };
		DE366AC0226EE88200A65954 /* Notification - extension.swift */ = {isa = PBXFileReference; lastKnownFileType = sourcecode.swift; path = "Notification - extension.swift"; sourceTree = "<group>"; };
		DE490C2F227AF3660063EAD4 /* SiriVC.swift */ = {isa = PBXFileReference; lastKnownFileType = sourcecode.swift; path = SiriVC.swift; sourceTree = "<group>"; };
		DE4984B422586A0F004E4AE9 /* ChartDetailVC.swift */ = {isa = PBXFileReference; lastKnownFileType = sourcecode.swift; path = ChartDetailVC.swift; sourceTree = "<group>"; };
		DE4984B6225878A8004E4AE9 /* CategoryAccountingsTotalCVCell.swift */ = {isa = PBXFileReference; lastKnownFileType = sourcecode.swift; path = CategoryAccountingsTotalCVCell.swift; sourceTree = "<group>"; };
		DE4984B7225878A8004E4AE9 /* CategoryAccountingsTotalCVCell.xib */ = {isa = PBXFileReference; lastKnownFileType = file.xib; path = CategoryAccountingsTotalCVCell.xib; sourceTree = "<group>"; };
		DE5776D7226F57D300652B61 /* AccountingTransformer.swift */ = {isa = PBXFileReference; lastKnownFileType = sourcecode.swift; path = AccountingTransformer.swift; sourceTree = "<group>"; };
		DE712851225E541400E12283 /* AccountVC.swift */ = {isa = PBXFileReference; lastKnownFileType = sourcecode.swift; path = AccountVC.swift; sourceTree = "<group>"; };
		DE7B38AC2257427200C17846 /* CategorySelectCVCell.swift */ = {isa = PBXFileReference; lastKnownFileType = sourcecode.swift; path = CategorySelectCVCell.swift; sourceTree = "<group>"; };
		DE7B38AD2257427200C17846 /* CategorySelectCVCell.xib */ = {isa = PBXFileReference; lastKnownFileType = file.xib; path = CategorySelectCVCell.xib; sourceTree = "<group>"; };
		DE97C6492258E12400D0C9CF /* MainSavingCVCell.swift */ = {isa = PBXFileReference; lastKnownFileType = sourcecode.swift; path = MainSavingCVCell.swift; sourceTree = "<group>"; };
		DE97C64A2258E12400D0C9CF /* MainSavingCVCell.xib */ = {isa = PBXFileReference; lastKnownFileType = file.xib; path = MainSavingCVCell.xib; sourceTree = "<group>"; };
		DE97C64D225919CE00D0C9CF /* AddSavingCVCell.swift */ = {isa = PBXFileReference; lastKnownFileType = sourcecode.swift; path = AddSavingCVCell.swift; sourceTree = "<group>"; };
		DE97C64E225919CE00D0C9CF /* AddSavingCVCell.xib */ = {isa = PBXFileReference; lastKnownFileType = file.xib; path = AddSavingCVCell.xib; sourceTree = "<group>"; };
		DE990ED2227E8F1000958B33 /* AskCameraView.xib */ = {isa = PBXFileReference; lastKnownFileType = file.xib; path = AskCameraView.xib; sourceTree = "<group>"; };
		DE990ED4227E8FB900958B33 /* AskCameraView.swift */ = {isa = PBXFileReference; lastKnownFileType = sourcecode.swift; path = AskCameraView.swift; sourceTree = "<group>"; };
		DE99AC8922563D1400B12AD6 /* SubSavingVC.swift */ = {isa = PBXFileReference; lastKnownFileType = sourcecode.swift; path = SubSavingVC.swift; sourceTree = "<group>"; };
		DE9BEFE9225DD2DE003458AD /* CoreDataManager.swift */ = {isa = PBXFileReference; lastKnownFileType = sourcecode.swift; path = CoreDataManager.swift; sourceTree = "<group>"; };
		DEA5CEF3226DB83900A312E5 /* InvoiceAddVC.swift */ = {isa = PBXFileReference; lastKnownFileType = sourcecode.swift; path = InvoiceAddVC.swift; sourceTree = "<group>"; };
		DEA6157A22794FDE00F086CC /* AlertManager.swift */ = {isa = PBXFileReference; lastKnownFileType = sourcecode.swift; path = AlertManager.swift; sourceTree = "<group>"; };
		DEA65DF12259EE4700A10242 /* CategorysCVCell.swift */ = {isa = PBXFileReference; lastKnownFileType = sourcecode.swift; path = CategorysCVCell.swift; sourceTree = "<group>"; };
		DEA65DF22259EE4700A10242 /* CategorysCVCell.xib */ = {isa = PBXFileReference; lastKnownFileType = file.xib; path = CategorysCVCell.xib; sourceTree = "<group>"; };
		DEA65DF52259F5F800A10242 /* CategorySetVC.swift */ = {isa = PBXFileReference; lastKnownFileType = sourcecode.swift; path = CategorySetVC.swift; sourceTree = "<group>"; };
		DEA65DF7225A211800A10242 /* IconCVCell.swift */ = {isa = PBXFileReference; lastKnownFileType = sourcecode.swift; path = IconCVCell.swift; sourceTree = "<group>"; };
		DEA65DF8225A211800A10242 /* IconCVCell.xib */ = {isa = PBXFileReference; lastKnownFileType = file.xib; path = IconCVCell.xib; sourceTree = "<group>"; };
		DEA65DFB225A63E400A10242 /* SearchVC.swift */ = {isa = PBXFileReference; lastKnownFileType = sourcecode.swift; path = SearchVC.swift; sourceTree = "<group>"; };
		DEAA6A282259984B00224B26 /* CategoryVC.swift */ = {isa = PBXFileReference; lastKnownFileType = sourcecode.swift; path = CategoryVC.swift; sourceTree = "<group>"; };
		DEAA6A2E2259B07C00224B26 /* CategoryCVCell.swift */ = {isa = PBXFileReference; lastKnownFileType = sourcecode.swift; path = CategoryCVCell.swift; sourceTree = "<group>"; };
		DEAA6A2F2259B07C00224B26 /* CategoryCVCell.xib */ = {isa = PBXFileReference; lastKnownFileType = file.xib; path = CategoryCVCell.xib; sourceTree = "<group>"; };
		DEACE3DA2257AD1900EA209C /* AnalysisCVCell.swift */ = {isa = PBXFileReference; lastKnownFileType = sourcecode.swift; path = AnalysisCVCell.swift; sourceTree = "<group>"; };
		DEACE3DB2257AD1900EA209C /* AnalysisCVCell.xib */ = {isa = PBXFileReference; lastKnownFileType = file.xib; path = AnalysisCVCell.xib; sourceTree = "<group>"; };
		DEACE3DE2257B9F500EA209C /* AccountingsCVCell.swift */ = {isa = PBXFileReference; lastKnownFileType = sourcecode.swift; path = AccountingsCVCell.swift; sourceTree = "<group>"; };
		DEACE3DF2257B9F500EA209C /* AccountingsCVCell.xib */ = {isa = PBXFileReference; lastKnownFileType = file.xib; path = AccountingsCVCell.xib; sourceTree = "<group>"; };
		DEAF79B522757A85002C48B9 /* UILabel - extension.swift */ = {isa = PBXFileReference; lastKnownFileType = sourcecode.swift; path = "UILabel - extension.swift"; sourceTree = "<group>"; };
		DEBA92EA226D7CE200D93806 /* InvoiceRequest.swift */ = {isa = PBXFileReference; lastKnownFileType = sourcecode.swift; path = InvoiceRequest.swift; sourceTree = "<group>"; };
		DEBA92EC226D821B00D93806 /* InvoiceProvider.swift */ = {isa = PBXFileReference; lastKnownFileType = sourcecode.swift; path = InvoiceProvider.swift; sourceTree = "<group>"; };
		DEBA92EE226D8A4F00D93806 /* String - extension.swift */ = {isa = PBXFileReference; lastKnownFileType = sourcecode.swift; path = "String - extension.swift"; sourceTree = "<group>"; };
		DEBE8C1A2254836800C2A8A3 /* UIColor - extension.swift */ = {isa = PBXFileReference; lastKnownFileType = sourcecode.swift; path = "UIColor - extension.swift"; sourceTree = "<group>"; };
		DEBE8C242254AE5200C2A8A3 /* UITableView - extension.swift */ = {isa = PBXFileReference; lastKnownFileType = sourcecode.swift; path = "UITableView - extension.swift"; sourceTree = "<group>"; };
		DEBE8C26225519F800C2A8A3 /* AccountingCVCell.swift */ = {isa = PBXFileReference; lastKnownFileType = sourcecode.swift; path = AccountingCVCell.swift; sourceTree = "<group>"; };
		DEBE8C27225519F800C2A8A3 /* AccountingCVCell.xib */ = {isa = PBXFileReference; lastKnownFileType = file.xib; path = AccountingCVCell.xib; sourceTree = "<group>"; };
		DEBE8C2A2255AED800C2A8A3 /* AccountingDateCVCell.swift */ = {isa = PBXFileReference; lastKnownFileType = sourcecode.swift; path = AccountingDateCVCell.swift; sourceTree = "<group>"; };
		DEBE8C2B2255AED800C2A8A3 /* AccountingDateCVCell.xib */ = {isa = PBXFileReference; lastKnownFileType = file.xib; path = AccountingDateCVCell.xib; sourceTree = "<group>"; };
		DEDE570A227004550071FCFD /* mSaving.entitlements */ = {isa = PBXFileReference; lastKnownFileType = text.plist.entitlements; path = mSaving.entitlements; sourceTree = "<group>"; };
		DEDE570F22702EB10071FCFD /* PaymentIntent.appex */ = {isa = PBXFileReference; explicitFileType = "wrapper.app-extension"; includeInIndex = 0; path = PaymentIntent.appex; sourceTree = BUILT_PRODUCTS_DIR; };
		DEDE571122702EB10071FCFD /* IntentHandler.swift */ = {isa = PBXFileReference; lastKnownFileType = sourcecode.swift; path = IntentHandler.swift; sourceTree = "<group>"; };
		DEDE571322702EB10071FCFD /* Info.plist */ = {isa = PBXFileReference; lastKnownFileType = text.plist.xml; path = Info.plist; sourceTree = "<group>"; };
		DEDE571822702EB20071FCFD /* PaymentIntentUI.appex */ = {isa = PBXFileReference; explicitFileType = "wrapper.app-extension"; includeInIndex = 0; path = PaymentIntentUI.appex; sourceTree = BUILT_PRODUCTS_DIR; };
		DEDE571922702EB20071FCFD /* IntentsUI.framework */ = {isa = PBXFileReference; lastKnownFileType = wrapper.framework; name = IntentsUI.framework; path = System/Library/Frameworks/IntentsUI.framework; sourceTree = SDKROOT; };
		DEDE571C22702EB20071FCFD /* IntentViewController.swift */ = {isa = PBXFileReference; lastKnownFileType = sourcecode.swift; path = IntentViewController.swift; sourceTree = "<group>"; };
		DEDE571F22702EB20071FCFD /* Base */ = {isa = PBXFileReference; lastKnownFileType = file.storyboard; name = Base; path = Base.lproj/MainInterface.storyboard; sourceTree = "<group>"; };
		DEDE572122702EB20071FCFD /* Info.plist */ = {isa = PBXFileReference; lastKnownFileType = text.plist.xml; path = Info.plist; sourceTree = "<group>"; };
		DEDE573F227051FE0071FCFD /* PaymentIntent.entitlements */ = {isa = PBXFileReference; lastKnownFileType = text.plist.entitlements; path = PaymentIntent.entitlements; sourceTree = "<group>"; };
		DEDE574A2271A57E0071FCFD /* MonthProvider.swift */ = {isa = PBXFileReference; lastKnownFileType = sourcecode.swift; path = MonthProvider.swift; sourceTree = "<group>"; };
		DEDE574D2271EBC70071FCFD /* TimeManager.swift */ = {isa = PBXFileReference; lastKnownFileType = sourcecode.swift; path = TimeManager.swift; sourceTree = "<group>"; };
		DEEAA9CA2255F4A5005FCE8E /* SubSavingCVCell.swift */ = {isa = PBXFileReference; lastKnownFileType = sourcecode.swift; path = SubSavingCVCell.swift; sourceTree = "<group>"; };
		DEEAA9CB2255F4A5005FCE8E /* SubSavingCVCell.xib */ = {isa = PBXFileReference; lastKnownFileType = file.xib; path = SubSavingCVCell.xib; sourceTree = "<group>"; };
		DEEB5FB4226CC8DE0088C798 /* HTTPClient.swift */ = {isa = PBXFileReference; lastKnownFileType = sourcecode.swift; path = HTTPClient.swift; sourceTree = "<group>"; };
		DEEB5FB7226CD5880088C798 /* Invoice.swift */ = {isa = PBXFileReference; lastKnownFileType = sourcecode.swift; path = Invoice.swift; sourceTree = "<group>"; };
		DEEB5FB9226D79E90088C798 /* URLComponents - extension.swift */ = {isa = PBXFileReference; lastKnownFileType = sourcecode.swift; path = "URLComponents - extension.swift"; sourceTree = "<group>"; };
		DEECB02222533430002D6C30 /* mSaving.app */ = {isa = PBXFileReference; explicitFileType = wrapper.application; includeInIndex = 0; path = mSaving.app; sourceTree = BUILT_PRODUCTS_DIR; };
		DEECB02522533430002D6C30 /* AppDelegate.swift */ = {isa = PBXFileReference; lastKnownFileType = sourcecode.swift; path = AppDelegate.swift; sourceTree = "<group>"; };
		DEECB02D22533430002D6C30 /* mSaving.xcdatamodel */ = {isa = PBXFileReference; lastKnownFileType = wrapper.xcdatamodel; path = mSaving.xcdatamodel; sourceTree = "<group>"; };
		DEECB02F22533432002D6C30 /* Assets.xcassets */ = {isa = PBXFileReference; lastKnownFileType = folder.assetcatalog; path = Assets.xcassets; sourceTree = "<group>"; };
		DEECB03422533432002D6C30 /* Info.plist */ = {isa = PBXFileReference; lastKnownFileType = text.plist.xml; path = Info.plist; sourceTree = "<group>"; };
		DEECB03E2253358B002D6C30 /* Accounting.storyboard */ = {isa = PBXFileReference; fileEncoding = 4; lastKnownFileType = file.storyboard; path = Accounting.storyboard; sourceTree = "<group>"; };
		DEECB03F2253358B002D6C30 /* Setting.storyboard */ = {isa = PBXFileReference; fileEncoding = 4; lastKnownFileType = file.storyboard; path = Setting.storyboard; sourceTree = "<group>"; };
		DEECB0402253358B002D6C30 /* Invoice.storyboard */ = {isa = PBXFileReference; fileEncoding = 4; lastKnownFileType = file.storyboard; path = Invoice.storyboard; sourceTree = "<group>"; };
		DEECB0422253358B002D6C30 /* Base */ = {isa = PBXFileReference; lastKnownFileType = file.storyboard; name = Base; path = Base.lproj/LaunchScreen.storyboard; sourceTree = "<group>"; };
		DEECB0442253358B002D6C30 /* Base */ = {isa = PBXFileReference; lastKnownFileType = file.storyboard; name = Base; path = Base.lproj/Main.storyboard; sourceTree = "<group>"; };
		DEECB0452253358B002D6C30 /* Chart.storyboard */ = {isa = PBXFileReference; fileEncoding = 4; lastKnownFileType = file.storyboard; path = Chart.storyboard; sourceTree = "<group>"; };
		DEECB0462253358B002D6C30 /* Saving.storyboard */ = {isa = PBXFileReference; fileEncoding = 4; lastKnownFileType = file.storyboard; path = Saving.storyboard; sourceTree = "<group>"; };
		DEECB04F22533599002D6C30 /* ChartVC.swift */ = {isa = PBXFileReference; fileEncoding = 4; lastKnownFileType = sourcecode.swift; path = ChartVC.swift; sourceTree = "<group>"; };
		DEECB05022533599002D6C30 /* MainSavingVC.swift */ = {isa = PBXFileReference; fileEncoding = 4; lastKnownFileType = sourcecode.swift; path = MainSavingVC.swift; sourceTree = "<group>"; };
		DEECB05122533599002D6C30 /* SettingVC.swift */ = {isa = PBXFileReference; fileEncoding = 4; lastKnownFileType = sourcecode.swift; path = SettingVC.swift; sourceTree = "<group>"; };
		DEECB05322533599002D6C30 /* SavingVC.swift */ = {isa = PBXFileReference; fileEncoding = 4; lastKnownFileType = sourcecode.swift; path = SavingVC.swift; sourceTree = "<group>"; };
		DEECB05422533599002D6C30 /* AccountingVC.swift */ = {isa = PBXFileReference; fileEncoding = 4; lastKnownFileType = sourcecode.swift; path = AccountingVC.swift; sourceTree = "<group>"; };
		DEECB05522533599002D6C30 /* TabBarController.swift */ = {isa = PBXFileReference; fileEncoding = 4; lastKnownFileType = sourcecode.swift; path = TabBarController.swift; sourceTree = "<group>"; };
		DEECB060225335FA002D6C30 /* UIView - extension.swift */ = {isa = PBXFileReference; fileEncoding = 4; lastKnownFileType = sourcecode.swift; path = "UIView - extension.swift"; sourceTree = "<group>"; };
		DEECB061225335FA002D6C30 /* UIImage - extension.swift */ = {isa = PBXFileReference; fileEncoding = 4; lastKnownFileType = sourcecode.swift; path = "UIImage - extension.swift"; sourceTree = "<group>"; };
		DEECB062225335FA002D6C30 /* UIStoryboard - extension.swift */ = {isa = PBXFileReference; fileEncoding = 4; lastKnownFileType = sourcecode.swift; path = "UIStoryboard - extension.swift"; sourceTree = "<group>"; };
		DEF27CAA226977F30030DB9D /* CategoryAccountingsCVCell.swift */ = {isa = PBXFileReference; lastKnownFileType = sourcecode.swift; path = CategoryAccountingsCVCell.swift; sourceTree = "<group>"; };
		DEF27CAB226977F30030DB9D /* CategoryAccountingsCVCell.xib */ = {isa = PBXFileReference; lastKnownFileType = file.xib; path = CategoryAccountingsCVCell.xib; sourceTree = "<group>"; };
		DEF7B4622276CEFF00F68F8B /* GoogleService-Info.plist */ = {isa = PBXFileReference; fileEncoding = 4; lastKnownFileType = text.plist.xml; path = "GoogleService-Info.plist"; sourceTree = "<group>"; };
		E2F60CB0FEB4CC786F0B4059 /* Pods_mSaving.framework */ = {isa = PBXFileReference; explicitFileType = wrapper.framework; includeInIndex = 0; path = Pods_mSaving.framework; sourceTree = BUILT_PRODUCTS_DIR; };
		F34163170596A438DB1E11E0 /* Pods_mSavingTests.framework */ = {isa = PBXFileReference; explicitFileType = wrapper.framework; includeInIndex = 0; path = Pods_mSavingTests.framework; sourceTree = BUILT_PRODUCTS_DIR; };
/* End PBXFileReference section */

/* Begin PBXFrameworksBuildPhase section */
		DE24717322857331005A341C /* Frameworks */ = {
			isa = PBXFrameworksBuildPhase;
			buildActionMask = 2147483647;
			files = (
				37935FF62C45D0DA61B87A67 /* Pods_mSavingTests.framework in Frameworks */,
			);
			runOnlyForDeploymentPostprocessing = 0;
		};
		DEDE570C22702EB10071FCFD /* Frameworks */ = {
			isa = PBXFrameworksBuildPhase;
			buildActionMask = 2147483647;
			files = (
				A8C6C4FAFFBA43AA846BB0A5 /* Pods_PaymentIntent.framework in Frameworks */,
			);
			runOnlyForDeploymentPostprocessing = 0;
		};
		DEDE571522702EB20071FCFD /* Frameworks */ = {
			isa = PBXFrameworksBuildPhase;
			buildActionMask = 2147483647;
			files = (
				DEDE571A22702EB20071FCFD /* IntentsUI.framework in Frameworks */,
				BAAAFBA3F6DEA26BE79E4598 /* Pods_PaymentIntentUI.framework in Frameworks */,
			);
			runOnlyForDeploymentPostprocessing = 0;
		};
		DEECB01F22533430002D6C30 /* Frameworks */ = {
			isa = PBXFrameworksBuildPhase;
			buildActionMask = 2147483647;
			files = (
				34FE46260D153EA89122AC6A /* Pods_mSaving.framework in Frameworks */,
			);
			runOnlyForDeploymentPostprocessing = 0;
		};
/* End PBXFrameworksBuildPhase section */

/* Begin PBXGroup section */
		600F4854E9FFB3F5EA3A02F1 /* Pods */ = {
			isa = PBXGroup;
			children = (
				2269CA763E2B12B921C758F2 /* Pods-mSaving.debug.xcconfig */,
				2C6C6317FBC34568D8610458 /* Pods-mSaving.release.xcconfig */,
				4BACA53F095B584B936B8306 /* Pods-PaymentIntent.debug.xcconfig */,
				8CF849528FF6FDFC2BF5FBF6 /* Pods-PaymentIntent.release.xcconfig */,
				C04056EC67D5D2B804E98C9C /* Pods-PaymentIntentUI.debug.xcconfig */,
				DD872CB340C41B2FB7A2BD8D /* Pods-PaymentIntentUI.release.xcconfig */,
				3CE047C4CBDF73357BD4C977 /* Pods-mSavingTests.debug.xcconfig */,
				856954376E295EBD6FB9FBF0 /* Pods-mSavingTests.release.xcconfig */,
			);
			path = Pods;
			sourceTree = "<group>";
		};
		BBD75296C698B591F95558B3 /* Frameworks */ = {
			isa = PBXGroup;
			children = (
				E2F60CB0FEB4CC786F0B4059 /* Pods_mSaving.framework */,
				DEDE571922702EB20071FCFD /* IntentsUI.framework */,
				39954889D5B7E72FC0F1A436 /* Pods_PaymentIntent.framework */,
				44CCA7C78D1A03C2A0EEA8EE /* Pods_PaymentIntentUI.framework */,
				F34163170596A438DB1E11E0 /* Pods_mSavingTests.framework */,
			);
			name = Frameworks;
			sourceTree = "<group>";
		};
		DE073DD22282A7D80098BCAE /* Third Party Wrapper */ = {
			isa = PBXGroup;
			children = (
				DE29CC0222815860001EC04E /* MessageView.swift */,
			);
			path = "Third Party Wrapper";
			sourceTree = "<group>";
		};
		DE073DD32282C1C30098BCAE /* Base */ = {
			isa = PBXGroup;
			children = (
				DE073DD622832F620098BCAE /* MonthVC.swift */,
				DE073DD42282C2200098BCAE /* PresentVC.swift */,
			);
			path = Base;
			sourceTree = "<group>";
		};
		DE21B8FF22578D1E00B65719 /* Chart */ = {
			isa = PBXGroup;
			children = (
				DEACE3DA2257AD1900EA209C /* AnalysisCVCell.swift */,
				DEACE3DB2257AD1900EA209C /* AnalysisCVCell.xib */,
				DE21B90022578D9800B65719 /* PieChartCVCell.swift */,
				DE21B90122578D9800B65719 /* PieChartCVCell.xib */,
				DE21B904225794C900B65719 /* BarChartCVCell.swift */,
				DE21B905225794C900B65719 /* BarChartCVCell.xib */,
				DEF27CAA226977F30030DB9D /* CategoryAccountingsCVCell.swift */,
				DEF27CAB226977F30030DB9D /* CategoryAccountingsCVCell.xib */,
				DE4984B6225878A8004E4AE9 /* CategoryAccountingsTotalCVCell.swift */,
				DE4984B7225878A8004E4AE9 /* CategoryAccountingsTotalCVCell.xib */,
			);
			path = Chart;
			sourceTree = "<group>";
		};
		DE24715122842B27005A341C /* Delegate */ = {
			isa = PBXGroup;
			children = (
				DE24714F22840093005A341C /* CategoryCollectionViewVC.swift */,
			);
			path = Delegate;
			sourceTree = "<group>";
		};
		DE24717722857331005A341C /* mSavingTests */ = {
			isa = PBXGroup;
			children = (
				DE24717822857331005A341C /* mSavingTests.swift */,
				DE24717A22857331005A341C /* Info.plist */,
			);
			path = mSavingTests;
			sourceTree = "<group>";
		};
		DE2BB3552253605D001D55E4 /* Saving */ = {
			isa = PBXGroup;
			children = (
				DE2BB35A22539662001D55E4 /* SavingCVCell.swift */,
				DE2BB35B22539662001D55E4 /* SavingCVCell.xib */,
				DE97C6492258E12400D0C9CF /* MainSavingCVCell.swift */,
				DE97C64A2258E12400D0C9CF /* MainSavingCVCell.xib */,
				DEEAA9CA2255F4A5005FCE8E /* SubSavingCVCell.swift */,
				DEEAA9CB2255F4A5005FCE8E /* SubSavingCVCell.xib */,
				DE97C64D225919CE00D0C9CF /* AddSavingCVCell.swift */,
				DE97C64E225919CE00D0C9CF /* AddSavingCVCell.xib */,
				DEACE3DE2257B9F500EA209C /* AccountingsCVCell.swift */,
				DEACE3DF2257B9F500EA209C /* AccountingsCVCell.xib */,
				DEBE8C26225519F800C2A8A3 /* AccountingCVCell.swift */,
				DEBE8C27225519F800C2A8A3 /* AccountingCVCell.xib */,
				DEBE8C2A2255AED800C2A8A3 /* AccountingDateCVCell.swift */,
				DEBE8C2B2255AED800C2A8A3 /* AccountingDateCVCell.xib */,
			);
			path = Saving;
			sourceTree = "<group>";
		};
		DE2BB35622536070001D55E4 /* Base */ = {
			isa = PBXGroup;
			children = (
				DE2BB3642253AC1D001D55E4 /* MonthCVCell.swift */,
				DE2BB3652253AC1D001D55E4 /* MonthCVCell.xib */,
			);
			path = Base;
			sourceTree = "<group>";
		};
		DE2BB35922538889001D55E4 /* Saving */ = {
			isa = PBXGroup;
			children = (
				DEECB05322533599002D6C30 /* SavingVC.swift */,
				DEECB05022533599002D6C30 /* MainSavingVC.swift */,
				DE99AC8922563D1400B12AD6 /* SubSavingVC.swift */,
				DEA65DFB225A63E400A10242 /* SearchVC.swift */,
			);
			path = Saving;
			sourceTree = "<group>";
		};
		DE366AB2226EA77A00A65954 /* Accounting */ = {
			isa = PBXGroup;
			children = (
				DE366ABC226EC20700A65954 /* AccountingProvider.swift */,
				DE5776D7226F57D300652B61 /* AccountingTransformer.swift */,
			);
			path = Accounting;
			sourceTree = "<group>";
		};
		DE366AB3226EA78F00A65954 /* Account */ = {
			isa = PBXGroup;
			children = (
				DE366AB8226EBA4600A65954 /* AccountProvider.swift */,
			);
			path = Account;
			sourceTree = "<group>";
		};
		DE366AB4226EA7CB00A65954 /* Saving */ = {
			isa = PBXGroup;
			children = (
				DE366ABA226EBEF900A65954 /* SavingProvider.swift */,
			);
			path = Saving;
			sourceTree = "<group>";
		};
		DE366AB5226EA7DE00A65954 /* Category */ = {
			isa = PBXGroup;
			children = (
				DE366AB6226EA9F000A65954 /* CategoryProvider.swift */,
			);
			path = Category;
			sourceTree = "<group>";
		};
		DE4984B3225869D6004E4AE9 /* Chart */ = {
			isa = PBXGroup;
			children = (
				DEECB04F22533599002D6C30 /* ChartVC.swift */,
				DE4984B422586A0F004E4AE9 /* ChartDetailVC.swift */,
			);
			path = Chart;
			sourceTree = "<group>";
		};
		DE4984BA22587B9F004E4AE9 /* Setting */ = {
			isa = PBXGroup;
			children = (
				DEECB05122533599002D6C30 /* SettingVC.swift */,
				DE712851225E541400E12283 /* AccountVC.swift */,
				DEAA6A282259984B00224B26 /* CategoryVC.swift */,
				DEA65DF52259F5F800A10242 /* CategorySetVC.swift */,
				DE490C2F227AF3660063EAD4 /* SiriVC.swift */,
			);
			path = Setting;
			sourceTree = "<group>";
		};
		DE4984BB225886C8004E4AE9 /* Setting */ = {
			isa = PBXGroup;
			children = (
				DEA65DF12259EE4700A10242 /* CategorysCVCell.swift */,
				DEA65DF22259EE4700A10242 /* CategorysCVCell.xib */,
				DEAA6A2E2259B07C00224B26 /* CategoryCVCell.swift */,
				DEAA6A2F2259B07C00224B26 /* CategoryCVCell.xib */,
				DEA65DF7225A211800A10242 /* IconCVCell.swift */,
				DEA65DF8225A211800A10242 /* IconCVCell.xib */,
			);
			path = Setting;
			sourceTree = "<group>";
		};
		DE7B38A7225731C400C17846 /* Accounting */ = {
			isa = PBXGroup;
			children = (
				DE7B38AC2257427200C17846 /* CategorySelectCVCell.swift */,
				DE7B38AD2257427200C17846 /* CategorySelectCVCell.xib */,
			);
			path = Accounting;
			sourceTree = "<group>";
		};
		DE990ED1227E8E8000958B33 /* Invoice */ = {
			isa = PBXGroup;
			children = (
				DE990ED2227E8F1000958B33 /* AskCameraView.xib */,
				DE990ED4227E8FB900958B33 /* AskCameraView.swift */,
			);
			path = Invoice;
			sourceTree = "<group>";
		};
		DEA5CEF2226DB5BC00A312E5 /* Invoice */ = {
			isa = PBXGroup;
			children = (
				DE02DEC9226C97B700B51201 /* InvoiceVC.swift */,
				DEA5CEF3226DB83900A312E5 /* InvoiceAddVC.swift */,
			);
			path = Invoice;
			sourceTree = "<group>";
		};
		DEDE571022702EB10071FCFD /* PaymentIntent */ = {
			isa = PBXGroup;
			children = (
				DEDE573F227051FE0071FCFD /* PaymentIntent.entitlements */,
				DEDE571122702EB10071FCFD /* IntentHandler.swift */,
				DEDE571322702EB10071FCFD /* Info.plist */,
			);
			path = PaymentIntent;
			sourceTree = "<group>";
		};
		DEDE571B22702EB20071FCFD /* PaymentIntentUI */ = {
			isa = PBXGroup;
			children = (
				DEDE571C22702EB20071FCFD /* IntentViewController.swift */,
				DEDE571E22702EB20071FCFD /* MainInterface.storyboard */,
				DEDE572122702EB20071FCFD /* Info.plist */,
			);
			path = PaymentIntentUI;
			sourceTree = "<group>";
		};
		DEDE57492271A4F50071FCFD /* Month */ = {
			isa = PBXGroup;
			children = (
				DEDE574A2271A57E0071FCFD /* MonthProvider.swift */,
			);
			path = Month;
			sourceTree = "<group>";
		};
		DEDE574C2271EB980071FCFD /* Time */ = {
			isa = PBXGroup;
			children = (
				DEDE574D2271EBC70071FCFD /* TimeManager.swift */,
			);
			path = Time;
			sourceTree = "<group>";
		};
		DEEB5FB3226CC7590088C798 /* HTTP */ = {
			isa = PBXGroup;
			children = (
				DEEB5FB4226CC8DE0088C798 /* HTTPClient.swift */,
			);
			path = HTTP;
			sourceTree = "<group>";
		};
		DEEB5FB6226CD5360088C798 /* Invoice */ = {
			isa = PBXGroup;
			children = (
				DEEB5FB7226CD5880088C798 /* Invoice.swift */,
				DEBA92EA226D7CE200D93806 /* InvoiceRequest.swift */,
				DEBA92EC226D821B00D93806 /* InvoiceProvider.swift */,
			);
			path = Invoice;
			sourceTree = "<group>";
		};
		DEECB01922533430002D6C30 = {
			isa = PBXGroup;
			children = (
				DEECB02422533430002D6C30 /* mSaving */,
				DEDE571022702EB10071FCFD /* PaymentIntent */,
				DEDE571B22702EB20071FCFD /* PaymentIntentUI */,
				DE24717722857331005A341C /* mSavingTests */,
				DEECB02322533430002D6C30 /* Products */,
				600F4854E9FFB3F5EA3A02F1 /* Pods */,
				BBD75296C698B591F95558B3 /* Frameworks */,
			);
			sourceTree = "<group>";
		};
		DEECB02322533430002D6C30 /* Products */ = {
			isa = PBXGroup;
			children = (
				DEECB02222533430002D6C30 /* mSaving.app */,
				DEDE570F22702EB10071FCFD /* PaymentIntent.appex */,
				DEDE571822702EB20071FCFD /* PaymentIntentUI.appex */,
				DE24717622857331005A341C /* mSavingTests.xctest */,
			);
			name = Products;
			sourceTree = "<group>";
		};
		DEECB02422533430002D6C30 /* mSaving */ = {
			isa = PBXGroup;
			children = (
				DEDE570A227004550071FCFD /* mSaving.entitlements */,
				DEECB02522533430002D6C30 /* AppDelegate.swift */,
				DEECB03422533432002D6C30 /* Info.plist */,
				DEF7B4622276CEFF00F68F8B /* GoogleService-Info.plist */,
				DEECB05D225335AD002D6C30 /* Model */,
				DEECB03D2253358B002D6C30 /* View */,
				DEECB04E22533599002D6C30 /* Controller */,
				DE073DD22282A7D80098BCAE /* Third Party Wrapper */,
				DEECB05F225335FA002D6C30 /* Extension */,
				DEECB0662253366F002D6C30 /* Resource */,
			);
			path = mSaving;
			sourceTree = "<group>";
		};
		DEECB03D2253358B002D6C30 /* View */ = {
			isa = PBXGroup;
			children = (
				DE2BB35622536070001D55E4 /* Base */,
				DE2BB3552253605D001D55E4 /* Saving */,
				DE21B8FF22578D1E00B65719 /* Chart */,
				DE7B38A7225731C400C17846 /* Accounting */,
				DE990ED1227E8E8000958B33 /* Invoice */,
				DE4984BB225886C8004E4AE9 /* Setting */,
				DEECB0412253358B002D6C30 /* LaunchScreen.storyboard */,
				DEECB0432253358B002D6C30 /* Main.storyboard */,
				DEECB0462253358B002D6C30 /* Saving.storyboard */,
				DEECB0452253358B002D6C30 /* Chart.storyboard */,
				DEECB03E2253358B002D6C30 /* Accounting.storyboard */,
				DEECB0402253358B002D6C30 /* Invoice.storyboard */,
				DEECB03F2253358B002D6C30 /* Setting.storyboard */,
			);
			path = View;
			sourceTree = "<group>";
		};
		DEECB04E22533599002D6C30 /* Controller */ = {
			isa = PBXGroup;
			children = (
				DEECB05522533599002D6C30 /* TabBarController.swift */,
				DE24715222855D07005A341C /* MessageViewVC.swift */,
				DE073DD32282C1C30098BCAE /* Base */,
				DE24715122842B27005A341C /* Delegate */,
				DE2BB35922538889001D55E4 /* Saving */,
				DE4984B3225869D6004E4AE9 /* Chart */,
				DEECB05422533599002D6C30 /* AccountingVC.swift */,
				DEA5CEF2226DB5BC00A312E5 /* Invoice */,
				DE4984BA22587B9F004E4AE9 /* Setting */,
			);
			path = Controller;
			sourceTree = "<group>";
		};
		DEECB05D225335AD002D6C30 /* Model */ = {
			isa = PBXGroup;
			children = (
				DEECB02C22533430002D6C30 /* mSaving.xcdatamodeld */,
				DE9BEFE9225DD2DE003458AD /* CoreDataManager.swift */,
				DE366ABE226EE64700A65954 /* NotificationManager.swift */,
				DEA6157A22794FDE00F086CC /* AlertManager.swift */,
				DEDE574C2271EB980071FCFD /* Time */,
				DEDE57492271A4F50071FCFD /* Month */,
				DE366AB4226EA7CB00A65954 /* Saving */,
				DE366AB2226EA77A00A65954 /* Accounting */,
				DE366AB3226EA78F00A65954 /* Account */,
				DE366AB5226EA7DE00A65954 /* Category */,
				DEEB5FB6226CD5360088C798 /* Invoice */,
				DEEB5FB3226CC7590088C798 /* HTTP */,
			);
			path = Model;
			sourceTree = "<group>";
		};
		DEECB05F225335FA002D6C30 /* Extension */ = {
			isa = PBXGroup;
			children = (
				DEECB062225335FA002D6C30 /* UIStoryboard - extension.swift */,
				DEECB060225335FA002D6C30 /* UIView - extension.swift */,
				DE2BB36222539B95001D55E4 /* UICollectionView - extension.swift */,
				DEBE8C242254AE5200C2A8A3 /* UITableView - extension.swift */,
				DEECB061225335FA002D6C30 /* UIImage - extension.swift */,
				DEAF79B522757A85002C48B9 /* UILabel - extension.swift */,
				DEBE8C1A2254836800C2A8A3 /* UIColor - extension.swift */,
				DEBA92EE226D8A4F00D93806 /* String - extension.swift */,
				DE2BB3682253AE16001D55E4 /* Int - extension.swift */,
				DEEB5FB9226D79E90088C798 /* URLComponents - extension.swift */,
				DE366AC0226EE88200A65954 /* Notification - extension.swift */,
				DE0BD66F227D41B200E03E31 /* Formatter - extension.swift */,
			);
			path = Extension;
			sourceTree = "<group>";
		};
		DEECB0662253366F002D6C30 /* Resource */ = {
			isa = PBXGroup;
			children = (
				DEECB02F22533432002D6C30 /* Assets.xcassets */,
			);
			path = Resource;
			sourceTree = "<group>";
		};
/* End PBXGroup section */

/* Begin PBXNativeTarget section */
		DE24717522857331005A341C /* mSavingTests */ = {
			isa = PBXNativeTarget;
			buildConfigurationList = DE24717D22857331005A341C /* Build configuration list for PBXNativeTarget "mSavingTests" */;
			buildPhases = (
				5347F438B8E5A2D5AE04252A /* [CP] Check Pods Manifest.lock */,
				DE24717222857331005A341C /* Sources */,
				DE24717322857331005A341C /* Frameworks */,
				DE24717422857331005A341C /* Resources */,
				461B6FDDE6176F444E9FF7BD /* [CP] Embed Pods Frameworks */,
			);
			buildRules = (
			);
			dependencies = (
				DE24717C22857331005A341C /* PBXTargetDependency */,
			);
			name = mSavingTests;
			productName = mSavingTests;
			productReference = DE24717622857331005A341C /* mSavingTests.xctest */;
			productType = "com.apple.product-type.bundle.unit-test";
		};
		DEDE570E22702EB10071FCFD /* PaymentIntent */ = {
			isa = PBXNativeTarget;
			buildConfigurationList = DEDE572B22702EB20071FCFD /* Build configuration list for PBXNativeTarget "PaymentIntent" */;
			buildPhases = (
				FD426991EDFA8D65FA1FBEC7 /* [CP] Check Pods Manifest.lock */,
				DEDE570B22702EB10071FCFD /* Sources */,
				DEDE570C22702EB10071FCFD /* Frameworks */,
				DEDE570D22702EB10071FCFD /* Resources */,
			);
			buildRules = (
			);
			dependencies = (
			);
			name = PaymentIntent;
			productName = PaymentIntent;
			productReference = DEDE570F22702EB10071FCFD /* PaymentIntent.appex */;
			productType = "com.apple.product-type.app-extension";
		};
		DEDE571722702EB20071FCFD /* PaymentIntentUI */ = {
			isa = PBXNativeTarget;
			buildConfigurationList = DEDE572822702EB20071FCFD /* Build configuration list for PBXNativeTarget "PaymentIntentUI" */;
			buildPhases = (
				C858FB9E2764DA990687734F /* [CP] Check Pods Manifest.lock */,
				DEDE571422702EB20071FCFD /* Sources */,
				DEDE571522702EB20071FCFD /* Frameworks */,
				DEDE571622702EB20071FCFD /* Resources */,
			);
			buildRules = (
			);
			dependencies = (
			);
			name = PaymentIntentUI;
			productName = PaymentIntentUI;
			productReference = DEDE571822702EB20071FCFD /* PaymentIntentUI.appex */;
			productType = "com.apple.product-type.app-extension";
		};
		DEECB02122533430002D6C30 /* mSaving */ = {
			isa = PBXNativeTarget;
			buildConfigurationList = DEECB03722533432002D6C30 /* Build configuration list for PBXNativeTarget "mSaving" */;
			buildPhases = (
				B7B405D90613C72D0DB5D1C2 /* [CP] Check Pods Manifest.lock */,
				DEECB01E22533430002D6C30 /* Sources */,
				DEECB01F22533430002D6C30 /* Frameworks */,
				DEECB02022533430002D6C30 /* Resources */,
				1B4409F408563D0687E4EC7F /* [CP] Embed Pods Frameworks */,
				DE93BBBA225C993B00DCD069 /* SwiftLint */,
				DEDE572E22702EB20071FCFD /* Embed App Extensions */,
				DEF7B4612276C11800F68F8B /* ShellScript */,
			);
			buildRules = (
			);
			dependencies = (
				DEDE572322702EB20071FCFD /* PBXTargetDependency */,
				DEDE572622702EB20071FCFD /* PBXTargetDependency */,
			);
			name = mSaving;
			productName = mSaving;
			productReference = DEECB02222533430002D6C30 /* mSaving.app */;
			productType = "com.apple.product-type.application";
		};
/* End PBXNativeTarget section */

/* Begin PBXProject section */
		DEECB01A22533430002D6C30 /* Project object */ = {
			isa = PBXProject;
			attributes = {
				LastSwiftUpdateCheck = 1020;
				LastUpgradeCheck = 1020;
				ORGANIZATIONNAME = Terry;
				TargetAttributes = {
					DE24717522857331005A341C = {
						CreatedOnToolsVersion = 10.2.1;
						TestTargetID = DEECB02122533430002D6C30;
					};
					DEDE570E22702EB10071FCFD = {
						CreatedOnToolsVersion = 10.2.1;
						SystemCapabilities = {
							com.apple.ApplicationGroups.iOS = {
								enabled = 1;
							};
						};
					};
					DEDE571722702EB20071FCFD = {
						CreatedOnToolsVersion = 10.2.1;
					};
					DEECB02122533430002D6C30 = {
						CreatedOnToolsVersion = 10.2;
						SystemCapabilities = {
							com.apple.ApplicationGroups.iOS = {
								enabled = 1;
							};
							com.apple.Siri = {
								enabled = 1;
							};
						};
					};
				};
			};
			buildConfigurationList = DEECB01D22533430002D6C30 /* Build configuration list for PBXProject "mSaving" */;
			compatibilityVersion = "Xcode 9.3";
			developmentRegion = en;
			hasScannedForEncodings = 0;
			knownRegions = (
				en,
				Base,
			);
			mainGroup = DEECB01922533430002D6C30;
			productRefGroup = DEECB02322533430002D6C30 /* Products */;
			projectDirPath = "";
			projectRoot = "";
			targets = (
				DEECB02122533430002D6C30 /* mSaving */,
				DEDE570E22702EB10071FCFD /* PaymentIntent */,
				DEDE571722702EB20071FCFD /* PaymentIntentUI */,
				DE24717522857331005A341C /* mSavingTests */,
			);
		};
/* End PBXProject section */

/* Begin PBXResourcesBuildPhase section */
		DE24717422857331005A341C /* Resources */ = {
			isa = PBXResourcesBuildPhase;
			buildActionMask = 2147483647;
			files = (
			);
			runOnlyForDeploymentPostprocessing = 0;
		};
		DEDE570D22702EB10071FCFD /* Resources */ = {
			isa = PBXResourcesBuildPhase;
			buildActionMask = 2147483647;
			files = (
				DEDE57422270C0E60071FCFD /* MainInterface.storyboard in Resources */,
			);
			runOnlyForDeploymentPostprocessing = 0;
		};
		DEDE571622702EB20071FCFD /* Resources */ = {
			isa = PBXResourcesBuildPhase;
			buildActionMask = 2147483647;
			files = (
				DEDE572022702EB20071FCFD /* MainInterface.storyboard in Resources */,
			);
			runOnlyForDeploymentPostprocessing = 0;
		};
		DEECB02022533430002D6C30 /* Resources */ = {
			isa = PBXResourcesBuildPhase;
			buildActionMask = 2147483647;
			files = (
				DE97C64C2258E12400D0C9CF /* MainSavingCVCell.xib in Resources */,
				DEACE3DD2257AD1900EA209C /* AnalysisCVCell.xib in Resources */,
				DEBE8C29225519F800C2A8A3 /* AccountingCVCell.xib in Resources */,
				DEF7B4632276CF0000F68F8B /* GoogleService-Info.plist in Resources */,
				DEECB03022533432002D6C30 /* Assets.xcassets in Resources */,
				DE2BB35D22539662001D55E4 /* SavingCVCell.xib in Resources */,
				DEACE3E12257B9F500EA209C /* AccountingsCVCell.xib in Resources */,
				DEECB0492253358B002D6C30 /* Invoice.storyboard in Resources */,
				DEECB04B2253358B002D6C30 /* Main.storyboard in Resources */,
				DEECB0482253358B002D6C30 /* Setting.storyboard in Resources */,
				DE990ED3227E8F1000958B33 /* AskCameraView.xib in Resources */,
				DE4984B9225878A8004E4AE9 /* CategoryAccountingsTotalCVCell.xib in Resources */,
				DEF27CAD226977F30030DB9D /* CategoryAccountingsCVCell.xib in Resources */,
				DEBE8C2D2255AED800C2A8A3 /* AccountingDateCVCell.xib in Resources */,
				DEECB04A2253358B002D6C30 /* LaunchScreen.storyboard in Resources */,
				DEECB04D2253358B002D6C30 /* Saving.storyboard in Resources */,
				DEA65DFA225A211800A10242 /* IconCVCell.xib in Resources */,
				DEEAA9CD2255F4A5005FCE8E /* SubSavingCVCell.xib in Resources */,
				DE7B38AF2257427200C17846 /* CategorySelectCVCell.xib in Resources */,
				DE2BB3672253AC1D001D55E4 /* MonthCVCell.xib in Resources */,
				DEECB0472253358B002D6C30 /* Accounting.storyboard in Resources */,
				DEDE57452270C0F90071FCFD /* MainInterface.storyboard in Resources */,
				DE21B90322578D9800B65719 /* PieChartCVCell.xib in Resources */,
				DEECB04C2253358B002D6C30 /* Chart.storyboard in Resources */,
				DEA65DF42259EE4700A10242 /* CategorysCVCell.xib in Resources */,
				DE21B907225794C900B65719 /* BarChartCVCell.xib in Resources */,
				DEAA6A312259B07C00224B26 /* CategoryCVCell.xib in Resources */,
				DE97C650225919CE00D0C9CF /* AddSavingCVCell.xib in Resources */,
			);
			runOnlyForDeploymentPostprocessing = 0;
		};
/* End PBXResourcesBuildPhase section */

/* Begin PBXShellScriptBuildPhase section */
		1B4409F408563D0687E4EC7F /* [CP] Embed Pods Frameworks */ = {
			isa = PBXShellScriptBuildPhase;
			buildActionMask = 2147483647;
			files = (
			);
			inputFileListPaths = (
			);
			inputPaths = (
				"${PODS_ROOT}/Target Support Files/Pods-mSaving/Pods-mSaving-frameworks.sh",
				"${BUILT_PRODUCTS_DIR}/BetterSegmentedControl/BetterSegmentedControl.framework",
				"${BUILT_PRODUCTS_DIR}/Charts/Charts.framework",
				"${BUILT_PRODUCTS_DIR}/FSCalendar/FSCalendar.framework",
				"${BUILT_PRODUCTS_DIR}/GoogleUtilities/GoogleUtilities.framework",
				"${BUILT_PRODUCTS_DIR}/IQKeyboardManagerSwift/IQKeyboardManagerSwift.framework",
				"${BUILT_PRODUCTS_DIR}/SwiftMessages/SwiftMessages.framework",
				"${BUILT_PRODUCTS_DIR}/nanopb/nanopb.framework",
			);
			name = "[CP] Embed Pods Frameworks";
			outputFileListPaths = (
			);
			outputPaths = (
				"${TARGET_BUILD_DIR}/${FRAMEWORKS_FOLDER_PATH}/BetterSegmentedControl.framework",
				"${TARGET_BUILD_DIR}/${FRAMEWORKS_FOLDER_PATH}/Charts.framework",
				"${TARGET_BUILD_DIR}/${FRAMEWORKS_FOLDER_PATH}/FSCalendar.framework",
				"${TARGET_BUILD_DIR}/${FRAMEWORKS_FOLDER_PATH}/GoogleUtilities.framework",
				"${TARGET_BUILD_DIR}/${FRAMEWORKS_FOLDER_PATH}/IQKeyboardManagerSwift.framework",
				"${TARGET_BUILD_DIR}/${FRAMEWORKS_FOLDER_PATH}/SwiftMessages.framework",
				"${TARGET_BUILD_DIR}/${FRAMEWORKS_FOLDER_PATH}/nanopb.framework",
			);
			runOnlyForDeploymentPostprocessing = 0;
			shellPath = /bin/sh;
			shellScript = "\"${PODS_ROOT}/Target Support Files/Pods-mSaving/Pods-mSaving-frameworks.sh\"\n";
			showEnvVarsInLog = 0;
		};
		461B6FDDE6176F444E9FF7BD /* [CP] Embed Pods Frameworks */ = {
			isa = PBXShellScriptBuildPhase;
			buildActionMask = 2147483647;
			files = (
			);
			inputFileListPaths = (
			);
			inputPaths = (
				"${PODS_ROOT}/Target Support Files/Pods-mSavingTests/Pods-mSavingTests-frameworks.sh",
				"${BUILT_PRODUCTS_DIR}/BetterSegmentedControl/BetterSegmentedControl.framework",
				"${BUILT_PRODUCTS_DIR}/Charts/Charts.framework",
				"${BUILT_PRODUCTS_DIR}/FSCalendar/FSCalendar.framework",
				"${BUILT_PRODUCTS_DIR}/GoogleUtilities/GoogleUtilities.framework",
				"${BUILT_PRODUCTS_DIR}/IQKeyboardManagerSwift/IQKeyboardManagerSwift.framework",
				"${BUILT_PRODUCTS_DIR}/SwiftMessages/SwiftMessages.framework",
				"${BUILT_PRODUCTS_DIR}/nanopb/nanopb.framework",
			);
			name = "[CP] Embed Pods Frameworks";
			outputFileListPaths = (
			);
			outputPaths = (
				"${TARGET_BUILD_DIR}/${FRAMEWORKS_FOLDER_PATH}/BetterSegmentedControl.framework",
				"${TARGET_BUILD_DIR}/${FRAMEWORKS_FOLDER_PATH}/Charts.framework",
				"${TARGET_BUILD_DIR}/${FRAMEWORKS_FOLDER_PATH}/FSCalendar.framework",
				"${TARGET_BUILD_DIR}/${FRAMEWORKS_FOLDER_PATH}/GoogleUtilities.framework",
				"${TARGET_BUILD_DIR}/${FRAMEWORKS_FOLDER_PATH}/IQKeyboardManagerSwift.framework",
				"${TARGET_BUILD_DIR}/${FRAMEWORKS_FOLDER_PATH}/SwiftMessages.framework",
				"${TARGET_BUILD_DIR}/${FRAMEWORKS_FOLDER_PATH}/nanopb.framework",
			);
			runOnlyForDeploymentPostprocessing = 0;
			shellPath = /bin/sh;
			shellScript = "\"${PODS_ROOT}/Target Support Files/Pods-mSavingTests/Pods-mSavingTests-frameworks.sh\"\n";
			showEnvVarsInLog = 0;
		};
		5347F438B8E5A2D5AE04252A /* [CP] Check Pods Manifest.lock */ = {
			isa = PBXShellScriptBuildPhase;
			buildActionMask = 2147483647;
			files = (
			);
			inputFileListPaths = (
			);
			inputPaths = (
				"${PODS_PODFILE_DIR_PATH}/Podfile.lock",
				"${PODS_ROOT}/Manifest.lock",
			);
			name = "[CP] Check Pods Manifest.lock";
			outputFileListPaths = (
			);
			outputPaths = (
				"$(DERIVED_FILE_DIR)/Pods-mSavingTests-checkManifestLockResult.txt",
			);
			runOnlyForDeploymentPostprocessing = 0;
			shellPath = /bin/sh;
			shellScript = "diff \"${PODS_PODFILE_DIR_PATH}/Podfile.lock\" \"${PODS_ROOT}/Manifest.lock\" > /dev/null\nif [ $? != 0 ] ; then\n    # print error to STDERR\n    echo \"error: The sandbox is not in sync with the Podfile.lock. Run 'pod install' or update your CocoaPods installation.\" >&2\n    exit 1\nfi\n# This output is used by Xcode 'outputs' to avoid re-running this script phase.\necho \"SUCCESS\" > \"${SCRIPT_OUTPUT_FILE_0}\"\n";
			showEnvVarsInLog = 0;
		};
		B7B405D90613C72D0DB5D1C2 /* [CP] Check Pods Manifest.lock */ = {
			isa = PBXShellScriptBuildPhase;
			buildActionMask = 2147483647;
			files = (
			);
			inputFileListPaths = (
			);
			inputPaths = (
				"${PODS_PODFILE_DIR_PATH}/Podfile.lock",
				"${PODS_ROOT}/Manifest.lock",
			);
			name = "[CP] Check Pods Manifest.lock";
			outputFileListPaths = (
			);
			outputPaths = (
				"$(DERIVED_FILE_DIR)/Pods-mSaving-checkManifestLockResult.txt",
			);
			runOnlyForDeploymentPostprocessing = 0;
			shellPath = /bin/sh;
			shellScript = "diff \"${PODS_PODFILE_DIR_PATH}/Podfile.lock\" \"${PODS_ROOT}/Manifest.lock\" > /dev/null\nif [ $? != 0 ] ; then\n    # print error to STDERR\n    echo \"error: The sandbox is not in sync with the Podfile.lock. Run 'pod install' or update your CocoaPods installation.\" >&2\n    exit 1\nfi\n# This output is used by Xcode 'outputs' to avoid re-running this script phase.\necho \"SUCCESS\" > \"${SCRIPT_OUTPUT_FILE_0}\"\n";
			showEnvVarsInLog = 0;
		};
		C858FB9E2764DA990687734F /* [CP] Check Pods Manifest.lock */ = {
			isa = PBXShellScriptBuildPhase;
			buildActionMask = 2147483647;
			files = (
			);
			inputFileListPaths = (
			);
			inputPaths = (
				"${PODS_PODFILE_DIR_PATH}/Podfile.lock",
				"${PODS_ROOT}/Manifest.lock",
			);
			name = "[CP] Check Pods Manifest.lock";
			outputFileListPaths = (
			);
			outputPaths = (
				"$(DERIVED_FILE_DIR)/Pods-PaymentIntentUI-checkManifestLockResult.txt",
			);
			runOnlyForDeploymentPostprocessing = 0;
			shellPath = /bin/sh;
			shellScript = "diff \"${PODS_PODFILE_DIR_PATH}/Podfile.lock\" \"${PODS_ROOT}/Manifest.lock\" > /dev/null\nif [ $? != 0 ] ; then\n    # print error to STDERR\n    echo \"error: The sandbox is not in sync with the Podfile.lock. Run 'pod install' or update your CocoaPods installation.\" >&2\n    exit 1\nfi\n# This output is used by Xcode 'outputs' to avoid re-running this script phase.\necho \"SUCCESS\" > \"${SCRIPT_OUTPUT_FILE_0}\"\n";
			showEnvVarsInLog = 0;
		};
		DE93BBBA225C993B00DCD069 /* SwiftLint */ = {
			isa = PBXShellScriptBuildPhase;
			buildActionMask = 2147483647;
			files = (
			);
			inputFileListPaths = (
			);
			inputPaths = (
			);
			name = SwiftLint;
			outputFileListPaths = (
			);
			outputPaths = (
			);
			runOnlyForDeploymentPostprocessing = 0;
			shellPath = /bin/sh;
			shellScript = "\"${PODS_ROOT}/SwiftLint/swiftlint\"\n";
		};
		DEF7B4612276C11800F68F8B /* ShellScript */ = {
			isa = PBXShellScriptBuildPhase;
			buildActionMask = 2147483647;
			files = (
			);
			inputFileListPaths = (
			);
			inputPaths = (
				"$(SRCROOT)/$(BUILT_PRODUCTS_DIR)/$(INFOPLIST_PATH)",
			);
			outputFileListPaths = (
			);
			outputPaths = (
			);
			runOnlyForDeploymentPostprocessing = 0;
			shellPath = /bin/sh;
			shellScript = "\"${PODS_ROOT}/Fabric/run\" bf023c90a8ead00f2b68024796cedc7139b7db01 6b9bd6f009138673dfd578f47fb4e8db23b83ddf93172e3231477996bfe60c90\n";
		};
		FD426991EDFA8D65FA1FBEC7 /* [CP] Check Pods Manifest.lock */ = {
			isa = PBXShellScriptBuildPhase;
			buildActionMask = 2147483647;
			files = (
			);
			inputFileListPaths = (
			);
			inputPaths = (
				"${PODS_PODFILE_DIR_PATH}/Podfile.lock",
				"${PODS_ROOT}/Manifest.lock",
			);
			name = "[CP] Check Pods Manifest.lock";
			outputFileListPaths = (
			);
			outputPaths = (
				"$(DERIVED_FILE_DIR)/Pods-PaymentIntent-checkManifestLockResult.txt",
			);
			runOnlyForDeploymentPostprocessing = 0;
			shellPath = /bin/sh;
			shellScript = "diff \"${PODS_PODFILE_DIR_PATH}/Podfile.lock\" \"${PODS_ROOT}/Manifest.lock\" > /dev/null\nif [ $? != 0 ] ; then\n    # print error to STDERR\n    echo \"error: The sandbox is not in sync with the Podfile.lock. Run 'pod install' or update your CocoaPods installation.\" >&2\n    exit 1\nfi\n# This output is used by Xcode 'outputs' to avoid re-running this script phase.\necho \"SUCCESS\" > \"${SCRIPT_OUTPUT_FILE_0}\"\n";
			showEnvVarsInLog = 0;
		};
/* End PBXShellScriptBuildPhase section */

/* Begin PBXSourcesBuildPhase section */
		DE24717222857331005A341C /* Sources */ = {
			isa = PBXSourcesBuildPhase;
			buildActionMask = 2147483647;
			files = (
				DE24717922857331005A341C /* mSavingTests.swift in Sources */,
			);
			runOnlyForDeploymentPostprocessing = 0;
		};
		DEDE570B22702EB10071FCFD /* Sources */ = {
			isa = PBXSourcesBuildPhase;
			buildActionMask = 2147483647;
			files = (
				DEDE57432270C0EC0071FCFD /* IntentViewController.swift in Sources */,
				DEDE5737227033E70071FCFD /* NotificationManager.swift in Sources */,
				DE8F7BFD22818EF300EBFDBD /* MessageView.swift in Sources */,
				DE8F7BFA22818BB900EBFDBD /* AccountingProvider.swift in Sources */,
				DEDE57552271F5250071FCFD /* TimeManager.swift in Sources */,
				DE1544F522748C9D00814EC3 /* AccountProvider.swift in Sources */,
				DEDE571222702EB10071FCFD /* IntentHandler.swift in Sources */,
				DEDE573D227036030071FCFD /* CategoryProvider.swift in Sources */,
				DEDE5731227033400071FCFD /* mSaving.xcdatamodeld in Sources */,
				DEDE5735227033E40071FCFD /* CoreDataManager.swift in Sources */,
				DE8F7BFF22818F3400EBFDBD /* UIImage - extension.swift in Sources */,
				DE8F7C0122818F3700EBFDBD /* UIColor - extension.swift in Sources */,
				DEDE574122706BEE0071FCFD /* String - extension.swift in Sources */,
				DEDE5739227033F90071FCFD /* AccountingTransformer.swift in Sources */,
				DEDE57512271F3FE0071FCFD /* MonthProvider.swift in Sources */,
				DEDE573B2270348B0071FCFD /* Notification - extension.swift in Sources */,
			);
			runOnlyForDeploymentPostprocessing = 0;
		};
		DEDE571422702EB20071FCFD /* Sources */ = {
			isa = PBXSourcesBuildPhase;
			buildActionMask = 2147483647;
			files = (
				DEDE5738227033E70071FCFD /* NotificationManager.swift in Sources */,
				DE8F7BFB22818BBA00EBFDBD /* AccountingProvider.swift in Sources */,
				DEDE57522271F3FE0071FCFD /* MonthProvider.swift in Sources */,
				DEDE57462270C0FC0071FCFD /* IntentHandler.swift in Sources */,
				DEDE571D22702EB20071FCFD /* IntentViewController.swift in Sources */,
				DE8F7C0022818F3500EBFDBD /* UIImage - extension.swift in Sources */,
				DE1544F622748CB000814EC3 /* AccountProvider.swift in Sources */,
				DEDE573E227036030071FCFD /* CategoryProvider.swift in Sources */,
				DEDE57562271F5260071FCFD /* TimeManager.swift in Sources */,
				DEDE5732227033410071FCFD /* mSaving.xcdatamodeld in Sources */,
				DEDE5736227033E50071FCFD /* CoreDataManager.swift in Sources */,
				DE8F7C0222818F3800EBFDBD /* UIColor - extension.swift in Sources */,
				DE8F7BFE22818EF300EBFDBD /* MessageView.swift in Sources */,
				DEDE573A227033FA0071FCFD /* AccountingTransformer.swift in Sources */,
				DEDE573C2270348B0071FCFD /* Notification - extension.swift in Sources */,
			);
			runOnlyForDeploymentPostprocessing = 0;
		};
		DEECB01E22533430002D6C30 /* Sources */ = {
			isa = PBXSourcesBuildPhase;
			buildActionMask = 2147483647;
			files = (
				DEAA6A292259984B00224B26 /* CategoryVC.swift in Sources */,
				DE9BEFEA225DD2DE003458AD /* CoreDataManager.swift in Sources */,
				DE2BB35C22539662001D55E4 /* SavingCVCell.swift in Sources */,
				DEECB05A22533599002D6C30 /* SavingVC.swift in Sources */,
				DEBE8C28225519F800C2A8A3 /* AccountingCVCell.swift in Sources */,
				DE4984B8225878A8004E4AE9 /* CategoryAccountingsTotalCVCell.swift in Sources */,
				DEECB063225335FA002D6C30 /* UIView - extension.swift in Sources */,
				DEBE8C2C2255AED800C2A8A3 /* AccountingDateCVCell.swift in Sources */,
				DE97C64F225919CE00D0C9CF /* AddSavingCVCell.swift in Sources */,
				DEDE574B2271A57E0071FCFD /* MonthProvider.swift in Sources */,
				DE21B906225794C900B65719 /* BarChartCVCell.swift in Sources */,
				DE4984B522586A0F004E4AE9 /* ChartDetailVC.swift in Sources */,
				DEAA6A302259B07C00224B26 /* CategoryCVCell.swift in Sources */,
				DE02DECA226C97B700B51201 /* InvoiceVC.swift in Sources */,
				DE29CC0322815860001EC04E /* MessageView.swift in Sources */,
				DE2BB3662253AC1D001D55E4 /* MonthCVCell.swift in Sources */,
				DE366ABF226EE64700A65954 /* NotificationManager.swift in Sources */,
				DE073DD722832F620098BCAE /* MonthVC.swift in Sources */,
				DE7B38AE2257427200C17846 /* CategorySelectCVCell.swift in Sources */,
				DEBE8C252254AE5200C2A8A3 /* UITableView - extension.swift in Sources */,
				DEAF79B622757A85002C48B9 /* UILabel - extension.swift in Sources */,
				DE073DD52282C2200098BCAE /* PresentVC.swift in Sources */,
				DE24715022840093005A341C /* CategoryCollectionViewVC.swift in Sources */,
				DEECB05C22533599002D6C30 /* TabBarController.swift in Sources */,
				DEECB05822533599002D6C30 /* SettingVC.swift in Sources */,
				DEDE574E2271EBC70071FCFD /* TimeManager.swift in Sources */,
				DEEB5FB8226CD5880088C798 /* Invoice.swift in Sources */,
				DE366AB9226EBA4600A65954 /* AccountProvider.swift in Sources */,
				DE990ED5227E8FB900958B33 /* AskCameraView.swift in Sources */,
				DEEAA9CC2255F4A5005FCE8E /* SubSavingCVCell.swift in Sources */,
				DEECB064225335FA002D6C30 /* UIImage - extension.swift in Sources */,
				DE24715322855D07005A341C /* MessageViewVC.swift in Sources */,
				DE2BB3692253AE16001D55E4 /* Int - extension.swift in Sources */,
				DEECB065225335FA002D6C30 /* UIStoryboard - extension.swift in Sources */,
				DEA65DF32259EE4700A10242 /* CategorysCVCell.swift in Sources */,
				DEA65DFC225A63E400A10242 /* SearchVC.swift in Sources */,
				DEF27CAC226977F30030DB9D /* CategoryAccountingsCVCell.swift in Sources */,
				DE99AC8A22563D1400B12AD6 /* SubSavingVC.swift in Sources */,
				DE366ABB226EBEF900A65954 /* SavingProvider.swift in Sources */,
				DEA65DF62259F5F900A10242 /* CategorySetVC.swift in Sources */,
				DEACE3DC2257AD1900EA209C /* AnalysisCVCell.swift in Sources */,
				DE97C64B2258E12400D0C9CF /* MainSavingCVCell.swift in Sources */,
				DEBE8C1B2254836800C2A8A3 /* UIColor - extension.swift in Sources */,
				DE5776D8226F57D300652B61 /* AccountingTransformer.swift in Sources */,
				DEECB05722533599002D6C30 /* MainSavingVC.swift in Sources */,
				DEECB02E22533430002D6C30 /* mSaving.xcdatamodeld in Sources */,
				DEECB05B22533599002D6C30 /* AccountingVC.swift in Sources */,
				DE21B90222578D9800B65719 /* PieChartCVCell.swift in Sources */,
				DE366AB7226EA9F000A65954 /* CategoryProvider.swift in Sources */,
				DE712852225E541400E12283 /* AccountVC.swift in Sources */,
				DEEB5FB5226CC8DE0088C798 /* HTTPClient.swift in Sources */,
				DEDE574022705C320071FCFD /* IntentHandler.swift in Sources */,
				DE2BB36322539B95001D55E4 /* UICollectionView - extension.swift in Sources */,
				DEECB02622533430002D6C30 /* AppDelegate.swift in Sources */,
				DE490C30227AF3660063EAD4 /* SiriVC.swift in Sources */,
				DEA65DF9225A211800A10242 /* IconCVCell.swift in Sources */,
				DE0BD670227D41B200E03E31 /* Formatter - extension.swift in Sources */,
				DEDE57442270C0F70071FCFD /* IntentViewController.swift in Sources */,
				DEBA92EB226D7CE200D93806 /* InvoiceRequest.swift in Sources */,
				DEBA92ED226D821B00D93806 /* InvoiceProvider.swift in Sources */,
				DEBA92EF226D8A4F00D93806 /* String - extension.swift in Sources */,
				DEEB5FBA226D79E90088C798 /* URLComponents - extension.swift in Sources */,
				DEA6157B22794FDF00F086CC /* AlertManager.swift in Sources */,
				DEACE3E02257B9F500EA209C /* AccountingsCVCell.swift in Sources */,
				DE366ABD226EC20700A65954 /* AccountingProvider.swift in Sources */,
				DEA5CEF4226DB83900A312E5 /* InvoiceAddVC.swift in Sources */,
				DE366AC1226EE88200A65954 /* Notification - extension.swift in Sources */,
				DEECB05622533599002D6C30 /* ChartVC.swift in Sources */,
			);
			runOnlyForDeploymentPostprocessing = 0;
		};
/* End PBXSourcesBuildPhase section */

/* Begin PBXTargetDependency section */
		DE24717C22857331005A341C /* PBXTargetDependency */ = {
			isa = PBXTargetDependency;
			target = DEECB02122533430002D6C30 /* mSaving */;
			targetProxy = DE24717B22857331005A341C /* PBXContainerItemProxy */;
		};
		DEDE572322702EB20071FCFD /* PBXTargetDependency */ = {
			isa = PBXTargetDependency;
			target = DEDE571722702EB20071FCFD /* PaymentIntentUI */;
			targetProxy = DEDE572222702EB20071FCFD /* PBXContainerItemProxy */;
		};
		DEDE572622702EB20071FCFD /* PBXTargetDependency */ = {
			isa = PBXTargetDependency;
			target = DEDE570E22702EB10071FCFD /* PaymentIntent */;
			targetProxy = DEDE572522702EB20071FCFD /* PBXContainerItemProxy */;
		};
/* End PBXTargetDependency section */

/* Begin PBXVariantGroup section */
		DEDE571E22702EB20071FCFD /* MainInterface.storyboard */ = {
			isa = PBXVariantGroup;
			children = (
				DEDE571F22702EB20071FCFD /* Base */,
			);
			name = MainInterface.storyboard;
			sourceTree = "<group>";
		};
		DEECB0412253358B002D6C30 /* LaunchScreen.storyboard */ = {
			isa = PBXVariantGroup;
			children = (
				DEECB0422253358B002D6C30 /* Base */,
			);
			name = LaunchScreen.storyboard;
			sourceTree = "<group>";
		};
		DEECB0432253358B002D6C30 /* Main.storyboard */ = {
			isa = PBXVariantGroup;
			children = (
				DEECB0442253358B002D6C30 /* Base */,
			);
			name = Main.storyboard;
			sourceTree = "<group>";
		};
/* End PBXVariantGroup section */

/* Begin XCBuildConfiguration section */
		DE24717E22857331005A341C /* Debug */ = {
			isa = XCBuildConfiguration;
			baseConfigurationReference = 3CE047C4CBDF73357BD4C977 /* Pods-mSavingTests.debug.xcconfig */;
			buildSettings = {
				BUNDLE_LOADER = "$(TEST_HOST)";
				CODE_SIGN_STYLE = Automatic;
				DEVELOPMENT_TEAM = B8QRU3Z535;
				INFOPLIST_FILE = mSavingTests/Info.plist;
				IPHONEOS_DEPLOYMENT_TARGET = 11.0;
				LD_RUNPATH_SEARCH_PATHS = (
					"$(inherited)",
					"@executable_path/Frameworks",
					"@loader_path/Frameworks",
				);
				PRODUCT_BUNDLE_IDENTIFIER = com.terry.mSavingTests;
				PRODUCT_NAME = "$(TARGET_NAME)";
				SWIFT_VERSION = 5.0;
				TARGETED_DEVICE_FAMILY = "1,2";
				TEST_HOST = "$(BUILT_PRODUCTS_DIR)/mSaving.app/mSaving";
			};
			name = Debug;
		};
		DE24717F22857331005A341C /* Release */ = {
			isa = XCBuildConfiguration;
			baseConfigurationReference = 856954376E295EBD6FB9FBF0 /* Pods-mSavingTests.release.xcconfig */;
			buildSettings = {
				BUNDLE_LOADER = "$(TEST_HOST)";
				CODE_SIGN_STYLE = Automatic;
				DEVELOPMENT_TEAM = B8QRU3Z535;
				INFOPLIST_FILE = mSavingTests/Info.plist;
				IPHONEOS_DEPLOYMENT_TARGET = 11.0;
				LD_RUNPATH_SEARCH_PATHS = (
					"$(inherited)",
					"@executable_path/Frameworks",
					"@loader_path/Frameworks",
				);
				PRODUCT_BUNDLE_IDENTIFIER = com.terry.mSavingTests;
				PRODUCT_NAME = "$(TARGET_NAME)";
				SWIFT_VERSION = 5.0;
				TARGETED_DEVICE_FAMILY = "1,2";
				TEST_HOST = "$(BUILT_PRODUCTS_DIR)/mSaving.app/mSaving";
			};
			name = Release;
		};
		DEDE572922702EB20071FCFD /* Debug */ = {
			isa = XCBuildConfiguration;
			baseConfigurationReference = C04056EC67D5D2B804E98C9C /* Pods-PaymentIntentUI.debug.xcconfig */;
			buildSettings = {
				APPLICATION_EXTENSION_API_ONLY = NO;
				CODE_SIGN_STYLE = Automatic;
				DEVELOPMENT_TEAM = B8QRU3Z535;
				INFOPLIST_FILE = PaymentIntentUI/Info.plist;
				IPHONEOS_DEPLOYMENT_TARGET = 11.0;
				LD_RUNPATH_SEARCH_PATHS = (
					"$(inherited)",
					"@executable_path/Frameworks",
					"@executable_path/../../Frameworks",
				);
				PRODUCT_BUNDLE_IDENTIFIER = com.terry.mSaving.PaymentIntentUI;
				PRODUCT_NAME = "$(TARGET_NAME)";
				SKIP_INSTALL = YES;
				SWIFT_VERSION = 5.0;
				TARGETED_DEVICE_FAMILY = 1;
			};
			name = Debug;
		};
		DEDE572A22702EB20071FCFD /* Release */ = {
			isa = XCBuildConfiguration;
			baseConfigurationReference = DD872CB340C41B2FB7A2BD8D /* Pods-PaymentIntentUI.release.xcconfig */;
			buildSettings = {
				APPLICATION_EXTENSION_API_ONLY = NO;
				CODE_SIGN_STYLE = Automatic;
				DEVELOPMENT_TEAM = B8QRU3Z535;
				INFOPLIST_FILE = PaymentIntentUI/Info.plist;
				IPHONEOS_DEPLOYMENT_TARGET = 11.0;
				LD_RUNPATH_SEARCH_PATHS = (
					"$(inherited)",
					"@executable_path/Frameworks",
					"@executable_path/../../Frameworks",
				);
				PRODUCT_BUNDLE_IDENTIFIER = com.terry.mSaving.PaymentIntentUI;
				PRODUCT_NAME = "$(TARGET_NAME)";
				SKIP_INSTALL = YES;
				SWIFT_VERSION = 5.0;
				TARGETED_DEVICE_FAMILY = 1;
			};
			name = Release;
		};
		DEDE572C22702EB20071FCFD /* Debug */ = {
			isa = XCBuildConfiguration;
			baseConfigurationReference = 4BACA53F095B584B936B8306 /* Pods-PaymentIntent.debug.xcconfig */;
			buildSettings = {
				APPLICATION_EXTENSION_API_ONLY = NO;
				CODE_SIGN_ENTITLEMENTS = PaymentIntent/PaymentIntent.entitlements;
				CODE_SIGN_STYLE = Automatic;
				DEVELOPMENT_TEAM = B8QRU3Z535;
				INFOPLIST_FILE = PaymentIntent/Info.plist;
				IPHONEOS_DEPLOYMENT_TARGET = 11.0;
				LD_RUNPATH_SEARCH_PATHS = (
					"$(inherited)",
					"@executable_path/Frameworks",
					"@executable_path/../../Frameworks",
				);
				PRODUCT_BUNDLE_IDENTIFIER = com.terry.mSaving.PaymentIntent;
				PRODUCT_NAME = "$(TARGET_NAME)";
				SKIP_INSTALL = YES;
				SWIFT_VERSION = 5.0;
				TARGETED_DEVICE_FAMILY = 1;
			};
			name = Debug;
		};
		DEDE572D22702EB20071FCFD /* Release */ = {
			isa = XCBuildConfiguration;
			baseConfigurationReference = 8CF849528FF6FDFC2BF5FBF6 /* Pods-PaymentIntent.release.xcconfig */;
			buildSettings = {
				APPLICATION_EXTENSION_API_ONLY = NO;
				CODE_SIGN_ENTITLEMENTS = PaymentIntent/PaymentIntent.entitlements;
				CODE_SIGN_STYLE = Automatic;
				DEVELOPMENT_TEAM = B8QRU3Z535;
				INFOPLIST_FILE = PaymentIntent/Info.plist;
				IPHONEOS_DEPLOYMENT_TARGET = 11.0;
				LD_RUNPATH_SEARCH_PATHS = (
					"$(inherited)",
					"@executable_path/Frameworks",
					"@executable_path/../../Frameworks",
				);
				PRODUCT_BUNDLE_IDENTIFIER = com.terry.mSaving.PaymentIntent;
				PRODUCT_NAME = "$(TARGET_NAME)";
				SKIP_INSTALL = YES;
				SWIFT_VERSION = 5.0;
				TARGETED_DEVICE_FAMILY = 1;
			};
			name = Release;
		};
		DEECB03522533432002D6C30 /* Debug */ = {
			isa = XCBuildConfiguration;
			buildSettings = {
				ALWAYS_SEARCH_USER_PATHS = NO;
				CLANG_ANALYZER_NONNULL = YES;
				CLANG_ANALYZER_NUMBER_OBJECT_CONVERSION = YES_AGGRESSIVE;
				CLANG_CXX_LANGUAGE_STANDARD = "gnu++14";
				CLANG_CXX_LIBRARY = "libc++";
				CLANG_ENABLE_MODULES = YES;
				CLANG_ENABLE_OBJC_ARC = YES;
				CLANG_ENABLE_OBJC_WEAK = YES;
				CLANG_WARN_BLOCK_CAPTURE_AUTORELEASING = YES;
				CLANG_WARN_BOOL_CONVERSION = YES;
				CLANG_WARN_COMMA = YES;
				CLANG_WARN_CONSTANT_CONVERSION = YES;
				CLANG_WARN_DEPRECATED_OBJC_IMPLEMENTATIONS = YES;
				CLANG_WARN_DIRECT_OBJC_ISA_USAGE = YES_ERROR;
				CLANG_WARN_DOCUMENTATION_COMMENTS = YES;
				CLANG_WARN_EMPTY_BODY = YES;
				CLANG_WARN_ENUM_CONVERSION = YES;
				CLANG_WARN_INFINITE_RECURSION = YES;
				CLANG_WARN_INT_CONVERSION = YES;
				CLANG_WARN_NON_LITERAL_NULL_CONVERSION = YES;
				CLANG_WARN_OBJC_IMPLICIT_RETAIN_SELF = YES;
				CLANG_WARN_OBJC_LITERAL_CONVERSION = YES;
				CLANG_WARN_OBJC_ROOT_CLASS = YES_ERROR;
				CLANG_WARN_RANGE_LOOP_ANALYSIS = YES;
				CLANG_WARN_STRICT_PROTOTYPES = YES;
				CLANG_WARN_SUSPICIOUS_MOVE = YES;
				CLANG_WARN_UNGUARDED_AVAILABILITY = YES_AGGRESSIVE;
				CLANG_WARN_UNREACHABLE_CODE = YES;
				CLANG_WARN__DUPLICATE_METHOD_MATCH = YES;
				CODE_SIGN_IDENTITY = "iPhone Developer";
				COPY_PHASE_STRIP = NO;
				DEBUG_INFORMATION_FORMAT = dwarf;
				ENABLE_BITCODE = NO;
				ENABLE_STRICT_OBJC_MSGSEND = YES;
				ENABLE_TESTABILITY = YES;
				GCC_C_LANGUAGE_STANDARD = gnu11;
				GCC_DYNAMIC_NO_PIC = NO;
				GCC_NO_COMMON_BLOCKS = YES;
				GCC_OPTIMIZATION_LEVEL = 0;
				GCC_PREPROCESSOR_DEFINITIONS = (
					"DEBUG=1",
					"$(inherited)",
				);
				GCC_WARN_64_TO_32_BIT_CONVERSION = YES;
				GCC_WARN_ABOUT_RETURN_TYPE = YES_ERROR;
				GCC_WARN_UNDECLARED_SELECTOR = YES;
				GCC_WARN_UNINITIALIZED_AUTOS = YES_AGGRESSIVE;
				GCC_WARN_UNUSED_FUNCTION = YES;
				GCC_WARN_UNUSED_VARIABLE = YES;
				IPHONEOS_DEPLOYMENT_TARGET = 12.2;
				MTL_ENABLE_DEBUG_INFO = INCLUDE_SOURCE;
				MTL_FAST_MATH = YES;
				ONLY_ACTIVE_ARCH = YES;
				SDKROOT = iphoneos;
				SWIFT_ACTIVE_COMPILATION_CONDITIONS = DEBUG;
				SWIFT_OPTIMIZATION_LEVEL = "-Onone";
			};
			name = Debug;
		};
		DEECB03622533432002D6C30 /* Release */ = {
			isa = XCBuildConfiguration;
			buildSettings = {
				ALWAYS_SEARCH_USER_PATHS = NO;
				CLANG_ANALYZER_NONNULL = YES;
				CLANG_ANALYZER_NUMBER_OBJECT_CONVERSION = YES_AGGRESSIVE;
				CLANG_CXX_LANGUAGE_STANDARD = "gnu++14";
				CLANG_CXX_LIBRARY = "libc++";
				CLANG_ENABLE_MODULES = YES;
				CLANG_ENABLE_OBJC_ARC = YES;
				CLANG_ENABLE_OBJC_WEAK = YES;
				CLANG_WARN_BLOCK_CAPTURE_AUTORELEASING = YES;
				CLANG_WARN_BOOL_CONVERSION = YES;
				CLANG_WARN_COMMA = YES;
				CLANG_WARN_CONSTANT_CONVERSION = YES;
				CLANG_WARN_DEPRECATED_OBJC_IMPLEMENTATIONS = YES;
				CLANG_WARN_DIRECT_OBJC_ISA_USAGE = YES_ERROR;
				CLANG_WARN_DOCUMENTATION_COMMENTS = YES;
				CLANG_WARN_EMPTY_BODY = YES;
				CLANG_WARN_ENUM_CONVERSION = YES;
				CLANG_WARN_INFINITE_RECURSION = YES;
				CLANG_WARN_INT_CONVERSION = YES;
				CLANG_WARN_NON_LITERAL_NULL_CONVERSION = YES;
				CLANG_WARN_OBJC_IMPLICIT_RETAIN_SELF = YES;
				CLANG_WARN_OBJC_LITERAL_CONVERSION = YES;
				CLANG_WARN_OBJC_ROOT_CLASS = YES_ERROR;
				CLANG_WARN_RANGE_LOOP_ANALYSIS = YES;
				CLANG_WARN_STRICT_PROTOTYPES = YES;
				CLANG_WARN_SUSPICIOUS_MOVE = YES;
				CLANG_WARN_UNGUARDED_AVAILABILITY = YES_AGGRESSIVE;
				CLANG_WARN_UNREACHABLE_CODE = YES;
				CLANG_WARN__DUPLICATE_METHOD_MATCH = YES;
				CODE_SIGN_IDENTITY = "iPhone Developer";
				COPY_PHASE_STRIP = NO;
				DEBUG_INFORMATION_FORMAT = "dwarf-with-dsym";
				ENABLE_BITCODE = NO;
				ENABLE_NS_ASSERTIONS = NO;
				ENABLE_STRICT_OBJC_MSGSEND = YES;
				GCC_C_LANGUAGE_STANDARD = gnu11;
				GCC_NO_COMMON_BLOCKS = YES;
				GCC_WARN_64_TO_32_BIT_CONVERSION = YES;
				GCC_WARN_ABOUT_RETURN_TYPE = YES_ERROR;
				GCC_WARN_UNDECLARED_SELECTOR = YES;
				GCC_WARN_UNINITIALIZED_AUTOS = YES_AGGRESSIVE;
				GCC_WARN_UNUSED_FUNCTION = YES;
				GCC_WARN_UNUSED_VARIABLE = YES;
				IPHONEOS_DEPLOYMENT_TARGET = 12.2;
				MTL_ENABLE_DEBUG_INFO = NO;
				MTL_FAST_MATH = YES;
				SDKROOT = iphoneos;
				SWIFT_COMPILATION_MODE = wholemodule;
				SWIFT_OPTIMIZATION_LEVEL = "-O";
				VALIDATE_PRODUCT = YES;
			};
			name = Release;
		};
		DEECB03822533432002D6C30 /* Debug */ = {
			isa = XCBuildConfiguration;
			baseConfigurationReference = 2269CA763E2B12B921C758F2 /* Pods-mSaving.debug.xcconfig */;
			buildSettings = {
				ALWAYS_EMBED_SWIFT_STANDARD_LIBRARIES = "$(inherited)";
				ASSETCATALOG_COMPILER_APPICON_NAME = AppIcon;
				CODE_SIGN_ENTITLEMENTS = mSaving/mSaving.entitlements;
				CODE_SIGN_STYLE = Automatic;
				DEBUG_INFORMATION_FORMAT = "dwarf-with-dsym";
				DEFINES_MODULE = YES;
				DEVELOPMENT_TEAM = B8QRU3Z535;
				ENABLE_BITCODE = NO;
				INFOPLIST_FILE = mSaving/Info.plist;
				IPHONEOS_DEPLOYMENT_TARGET = 11.0;
				LD_RUNPATH_SEARCH_PATHS = (
					"$(inherited)",
					"@executable_path/Frameworks",
				);
				PRODUCT_BUNDLE_IDENTIFIER = com.terry.mSaving;
				PRODUCT_NAME = "$(TARGET_NAME)";
				SWIFT_VERSION = 5.0;
				TARGETED_DEVICE_FAMILY = 1;
			};
			name = Debug;
		};
		DEECB03922533432002D6C30 /* Release */ = {
			isa = XCBuildConfiguration;
			baseConfigurationReference = 2C6C6317FBC34568D8610458 /* Pods-mSaving.release.xcconfig */;
			buildSettings = {
				ALWAYS_EMBED_SWIFT_STANDARD_LIBRARIES = "$(inherited)";
				ASSETCATALOG_COMPILER_APPICON_NAME = AppIcon;
				CODE_SIGN_ENTITLEMENTS = mSaving/mSaving.entitlements;
				CODE_SIGN_STYLE = Automatic;
				DEFINES_MODULE = YES;
				DEVELOPMENT_TEAM = B8QRU3Z535;
				ENABLE_BITCODE = NO;
				INFOPLIST_FILE = mSaving/Info.plist;
				IPHONEOS_DEPLOYMENT_TARGET = 11.0;
				LD_RUNPATH_SEARCH_PATHS = (
					"$(inherited)",
					"@executable_path/Frameworks",
				);
				PRODUCT_BUNDLE_IDENTIFIER = com.terry.mSaving;
				PRODUCT_NAME = "$(TARGET_NAME)";
				SWIFT_VERSION = 5.0;
				TARGETED_DEVICE_FAMILY = 1;
			};
			name = Release;
		};
/* End XCBuildConfiguration section */

/* Begin XCConfigurationList section */
		DE24717D22857331005A341C /* Build configuration list for PBXNativeTarget "mSavingTests" */ = {
			isa = XCConfigurationList;
			buildConfigurations = (
				DE24717E22857331005A341C /* Debug */,
				DE24717F22857331005A341C /* Release */,
			);
			defaultConfigurationIsVisible = 0;
			defaultConfigurationName = Release;
		};
		DEDE572822702EB20071FCFD /* Build configuration list for PBXNativeTarget "PaymentIntentUI" */ = {
			isa = XCConfigurationList;
			buildConfigurations = (
				DEDE572922702EB20071FCFD /* Debug */,
				DEDE572A22702EB20071FCFD /* Release */,
			);
			defaultConfigurationIsVisible = 0;
			defaultConfigurationName = Release;
		};
		DEDE572B22702EB20071FCFD /* Build configuration list for PBXNativeTarget "PaymentIntent" */ = {
			isa = XCConfigurationList;
			buildConfigurations = (
				DEDE572C22702EB20071FCFD /* Debug */,
				DEDE572D22702EB20071FCFD /* Release */,
			);
			defaultConfigurationIsVisible = 0;
			defaultConfigurationName = Release;
		};
		DEECB01D22533430002D6C30 /* Build configuration list for PBXProject "mSaving" */ = {
			isa = XCConfigurationList;
			buildConfigurations = (
				DEECB03522533432002D6C30 /* Debug */,
				DEECB03622533432002D6C30 /* Release */,
			);
			defaultConfigurationIsVisible = 0;
			defaultConfigurationName = Release;
		};
		DEECB03722533432002D6C30 /* Build configuration list for PBXNativeTarget "mSaving" */ = {
			isa = XCConfigurationList;
			buildConfigurations = (
				DEECB03822533432002D6C30 /* Debug */,
				DEECB03922533432002D6C30 /* Release */,
			);
			defaultConfigurationIsVisible = 0;
			defaultConfigurationName = Release;
		};
/* End XCConfigurationList section */

/* Begin XCVersionGroup section */
		DEECB02C22533430002D6C30 /* mSaving.xcdatamodeld */ = {
			isa = XCVersionGroup;
			children = (
				DEECB02D22533430002D6C30 /* mSaving.xcdatamodel */,
			);
			currentVersion = DEECB02D22533430002D6C30 /* mSaving.xcdatamodel */;
			path = mSaving.xcdatamodeld;
			sourceTree = "<group>";
			versionGroupType = wrapper.xcdatamodel;
		};
/* End XCVersionGroup section */
	};
	rootObject = DEECB01A22533430002D6C30 /* Project object */;
}
